// !$*UTF8*$!
{
	archiveVersion = 1;
	classes = {
	};
	objectVersion = 46;
	objects = {

/* Begin PBXBuildFile section */
		5E03E923171578FB00F0C6F3 /* BuyDialog in Resources */ = {isa = PBXBuildFile; fileRef = 5E03E922171578FB00F0C6F3 /* BuyDialog */; };
		5E0C7653170F32E300F572A0 /* DPMenuViewController.m in Sources */ = {isa = PBXBuildFile; fileRef = 5E0C7652170F32E200F572A0 /* DPMenuViewController.m */; };
		5E31F026171FFCBB008B15F0 /* FacebookSDK.framework in Frameworks */ = {isa = PBXBuildFile; fileRef = 5E31F025171FFCBB008B15F0 /* FacebookSDK.framework */; };
		5E31F028171FFD54008B15F0 /* FacebookSDKResources.bundle in Resources */ = {isa = PBXBuildFile; fileRef = 5E31F027171FFD54008B15F0 /* FacebookSDKResources.bundle */; };
		5E31F02C171FFDAD008B15F0 /* Accounts.framework in Frameworks */ = {isa = PBXBuildFile; fileRef = 5E31F029171FFDAD008B15F0 /* Accounts.framework */; settings = {ATTRIBUTES = (Weak, ); }; };
		5E31F02D171FFDAD008B15F0 /* AdSupport.framework in Frameworks */ = {isa = PBXBuildFile; fileRef = 5E31F02A171FFDAD008B15F0 /* AdSupport.framework */; settings = {ATTRIBUTES = (Weak, ); }; };
		5E31F02E171FFDAD008B15F0 /* Social.framework in Frameworks */ = {isa = PBXBuildFile; fileRef = 5E31F02B171FFDAD008B15F0 /* Social.framework */; settings = {ATTRIBUTES = (Weak, ); }; };
		5E31F03217200F07008B15F0 /* DPFBLoginViewController.m in Sources */ = {isa = PBXBuildFile; fileRef = 5E31F03117200F07008B15F0 /* DPFBLoginViewController.m */; };
		5E31F03717201073008B15F0 /* DPFBLoginView.xib in Resources */ = {isa = PBXBuildFile; fileRef = 5E31F03617201073008B15F0 /* DPFBLoginView.xib */; };
		5E31F03A172021C3008B15F0 /* DPFacebookViewController.m in Sources */ = {isa = PBXBuildFile; fileRef = 5E31F039172021C3008B15F0 /* DPFacebookViewController.m */; };
		5E31F03C172021DB008B15F0 /* DPFacebookView.xib in Resources */ = {isa = PBXBuildFile; fileRef = 5E31F03B172021DB008B15F0 /* DPFacebookView.xib */; };
		5E31F03F17203B40008B15F0 /* DPMailHelper.m in Sources */ = {isa = PBXBuildFile; fileRef = 5E31F03E17203B40008B15F0 /* DPMailHelper.m */; };
		5E31F041172045E0008B15F0 /* MessageUI.framework in Frameworks */ = {isa = PBXBuildFile; fileRef = 5E31F040172045E0008B15F0 /* MessageUI.framework */; };
		5E31F0431720574E008B15F0 /* Twitter.framework in Frameworks */ = {isa = PBXBuildFile; fileRef = 5E31F0421720574E008B15F0 /* Twitter.framework */; };
		5E31F04917205AC0008B15F0 /* DPSocialViewController.m in Sources */ = {isa = PBXBuildFile; fileRef = 5E31F04817205AC0008B15F0 /* DPSocialViewController.m */; };
		5E31F04B17205AD8008B15F0 /* DPSocialView.xib in Resources */ = {isa = PBXBuildFile; fileRef = 5E31F04A17205AD8008B15F0 /* DPSocialView.xib */; };
		5E3605021707154E00DB7B20 /* DPAppHelper.m in Sources */ = {isa = PBXBuildFile; fileRef = 5E3605011707154E00DB7B20 /* DPAppHelper.m */; };
		5E3605121707A72400DB7B20 /* DPBuyViewController.m in Sources */ = {isa = PBXBuildFile; fileRef = 5E3605111707A72400DB7B20 /* DPBuyViewController.m */; };
		5E3605141707A74300DB7B20 /* DPBuyView.xib in Resources */ = {isa = PBXBuildFile; fileRef = 5E3605131707A74300DB7B20 /* DPBuyView.xib */; };
		5E3605171707BDE600DB7B20 /* UIApplication+ScreenDimensions.m in Sources */ = {isa = PBXBuildFile; fileRef = 5E3605161707BDD900DB7B20 /* UIApplication+ScreenDimensions.m */; };
		5E3605211708438F00DB7B20 /* close.png in Resources */ = {isa = PBXBuildFile; fileRef = 5E36051F1708438F00DB7B20 /* close.png */; };
		5E3605221708438F00DB7B20 /* close@2x.png in Resources */ = {isa = PBXBuildFile; fileRef = 5E3605201708438F00DB7B20 /* close@2x.png */; };
		5E3605291708B5B600DB7B20 /* DPFloatingViewController.m in Sources */ = {isa = PBXBuildFile; fileRef = 5E3605281708B5B600DB7B20 /* DPFloatingViewController.m */; };
		5E36052B1708B5E300DB7B20 /* DPFloatingView.xib in Resources */ = {isa = PBXBuildFile; fileRef = 5E36052A1708B5E300DB7B20 /* DPFloatingView.xib */; };
		5E36052E1708C83400DB7B20 /* DPAdsViewController.m in Sources */ = {isa = PBXBuildFile; fileRef = 5E36052D1708C83400DB7B20 /* DPAdsViewController.m */; };
		5E3605311708C91C00DB7B20 /* DPArticlesLoader.m in Sources */ = {isa = PBXBuildFile; fileRef = 5E3605301708C91C00DB7B20 /* DPArticlesLoader.m */; };
		5E3D9B9C17044CB400208D7B /* FPPopoverController.m in Sources */ = {isa = PBXBuildFile; fileRef = 5E3D9B9717044CB400208D7B /* FPPopoverController.m */; };
		5E3D9B9D17044CB400208D7B /* FPPopoverView.m in Sources */ = {isa = PBXBuildFile; fileRef = 5E3D9B9917044CB400208D7B /* FPPopoverView.m */; };
		5E3D9B9E17044CB400208D7B /* FPTouchView.m in Sources */ = {isa = PBXBuildFile; fileRef = 5E3D9B9B17044CB400208D7B /* FPTouchView.m */; };
		5E486C57170214D90040F165 /* DPConstants.m in Sources */ = {isa = PBXBuildFile; fileRef = 5E486C56170214D90040F165 /* DPConstants.m */; };
		5E486C5B17025FBC0040F165 /* YTVimeoExtractor.m in Sources */ = {isa = PBXBuildFile; fileRef = 5E486C5A17025FBC0040F165 /* YTVimeoExtractor.m */; };
		5E486C5D170260980040F165 /* MediaPlayer.framework in Frameworks */ = {isa = PBXBuildFile; fileRef = 5E486C5C170260980040F165 /* MediaPlayer.framework */; };
		5E486C60170264D60040F165 /* DPVimeoPlayerViewController.m in Sources */ = {isa = PBXBuildFile; fileRef = 5E486C5F170264D50040F165 /* DPVimeoPlayerViewController.m */; };
		5E4E85131710356A005DAD06 /* Background in Resources */ = {isa = PBXBuildFile; fileRef = 5E4E85121710356A005DAD06 /* Background */; };
		5E4E8515171059AA005DAD06 /* Navbar in Resources */ = {isa = PBXBuildFile; fileRef = 5E4E8514171059AA005DAD06 /* Navbar */; };
		5E4E851A17109D38005DAD06 /* DPCategoriesViewController.m in Sources */ = {isa = PBXBuildFile; fileRef = 5E4E851917109D38005DAD06 /* DPCategoriesViewController.m */; };
		5E4E851D1711E501005DAD06 /* DPSubCategoryViewController.m in Sources */ = {isa = PBXBuildFile; fileRef = 5E4E851C1711E500005DAD06 /* DPSubCategoryViewController.m */; };
		5E4E851F1711E542005DAD06 /* DPSubCategoryView.xib in Resources */ = {isa = PBXBuildFile; fileRef = 5E4E851E1711E542005DAD06 /* DPSubCategoryView.xib */; };
		5E4E85221711F948005DAD06 /* DPAnimatedScrollViewController.m in Sources */ = {isa = PBXBuildFile; fileRef = 5E4E85211711F947005DAD06 /* DPAnimatedScrollViewController.m */; };
		5E4E8527171227C2005DAD06 /* CoreText.framework in Frameworks */ = {isa = PBXBuildFile; fileRef = 5E4E8526171227BF005DAD06 /* CoreText.framework */; };
		5E5F949F17213BF5006C9A88 /* Social in Resources */ = {isa = PBXBuildFile; fileRef = 5E5F949E17213BF5006C9A88 /* Social */; };
		5E71A3B816F9973500E7AFF9 /* UIKit.framework in Frameworks */ = {isa = PBXBuildFile; fileRef = 5E71A3B716F9973500E7AFF9 /* UIKit.framework */; };
		5E71A3BA16F9973500E7AFF9 /* Foundation.framework in Frameworks */ = {isa = PBXBuildFile; fileRef = 5E71A3B916F9973500E7AFF9 /* Foundation.framework */; };
		5E71A3BC16F9973500E7AFF9 /* CoreGraphics.framework in Frameworks */ = {isa = PBXBuildFile; fileRef = 5E71A3BB16F9973500E7AFF9 /* CoreGraphics.framework */; };
		5E71A3C216F9973500E7AFF9 /* InfoPlist.strings in Resources */ = {isa = PBXBuildFile; fileRef = 5E71A3C016F9973500E7AFF9 /* InfoPlist.strings */; };
		5E71A3C416F9973500E7AFF9 /* main.m in Sources */ = {isa = PBXBuildFile; fileRef = 5E71A3C316F9973500E7AFF9 /* main.m */; };
		5E71A3C816F9973500E7AFF9 /* DPAppDelegate.m in Sources */ = {isa = PBXBuildFile; fileRef = 5E71A3C716F9973500E7AFF9 /* DPAppDelegate.m */; };
		5E71A3CA16F9973500E7AFF9 /* Default.png in Resources */ = {isa = PBXBuildFile; fileRef = 5E71A3C916F9973500E7AFF9 /* Default.png */; };
		5E71A3CC16F9973500E7AFF9 /* Default@2x.png in Resources */ = {isa = PBXBuildFile; fileRef = 5E71A3CB16F9973500E7AFF9 /* Default@2x.png */; };
		5E71A3CE16F9973500E7AFF9 /* Default-568h@2x.png in Resources */ = {isa = PBXBuildFile; fileRef = 5E71A3CD16F9973500E7AFF9 /* Default-568h@2x.png */; };
		5E71A3D716F998D500E7AFF9 /* UINavContentViewController.m in Sources */ = {isa = PBXBuildFile; fileRef = 5E71A3D616F998D500E7AFF9 /* UINavContentViewController.m */; };
		5E71A3E916F9991000E7AFF9 /* CustomMenuBarItem.m in Sources */ = {isa = PBXBuildFile; fileRef = 5E71A3DB16F9991000E7AFF9 /* CustomMenuBarItem.m */; };
		5E71A3EA16F9991000E7AFF9 /* ImageResizing.m in Sources */ = {isa = PBXBuildFile; fileRef = 5E71A3DE16F9991000E7AFF9 /* ImageResizing.m */; };
		5E71A3EB16F9991000E7AFF9 /* AFItemView.m in Sources */ = {isa = PBXBuildFile; fileRef = 5E71A3E116F9991000E7AFF9 /* AFItemView.m */; };
		5E71A3EC16F9991000E7AFF9 /* AFOpenFlowView.m in Sources */ = {isa = PBXBuildFile; fileRef = 5E71A3E416F9991000E7AFF9 /* AFOpenFlowView.m */; };
		5E71A3ED16F9991000E7AFF9 /* AFUIImageReflection.m in Sources */ = {isa = PBXBuildFile; fileRef = 5E71A3E616F9991000E7AFF9 /* AFUIImageReflection.m */; };
		5E71A3EE16F9991000E7AFF9 /* UIImageExtras.m in Sources */ = {isa = PBXBuildFile; fileRef = 5E71A3E816F9991000E7AFF9 /* UIImageExtras.m */; };
		5E71A3F016F99A0500E7AFF9 /* QuartzCore.framework in Frameworks */ = {isa = PBXBuildFile; fileRef = 5E71A3EF16F99A0500E7AFF9 /* QuartzCore.framework */; };
		5E71A3F416F99ADB00E7AFF9 /* DPMainViewController.m in Sources */ = {isa = PBXBuildFile; fileRef = 5E71A3F316F99ADB00E7AFF9 /* DPMainViewController.m */; };
		5E71A3F916F99C9500E7AFF9 /* DPMainView.xib in Resources */ = {isa = PBXBuildFile; fileRef = 5E71A3F816F99C9500E7AFF9 /* DPMainView.xib */; };
		5E71A3FC16F99DC400E7AFF9 /* DPRootViewController.m in Sources */ = {isa = PBXBuildFile; fileRef = 5E71A3FB16F99DC400E7AFF9 /* DPRootViewController.m */; };
		5E71A3FE16F99DD900E7AFF9 /* DPRootView.xib in Resources */ = {isa = PBXBuildFile; fileRef = 5E71A3FD16F99DD900E7AFF9 /* DPRootView.xib */; };
		5E869E0D173010EA00516D2D /* FreeImages in Resources */ = {isa = PBXBuildFile; fileRef = 5E869E0C173010EA00516D2D /* FreeImages */; };
		5E8AB0CC171706D1004AFE76 /* UIImage+Retina4.m in Sources */ = {isa = PBXBuildFile; fileRef = 5E8AB0CB171706D1004AFE76 /* UIImage+Retina4.m */; };
		5E9ABBDE16F9F3CA000EAB46 /* DPTestViewController.m in Sources */ = {isa = PBXBuildFile; fileRef = 5E9ABBDD16F9F3CA000EAB46 /* DPTestViewController.m */; };
		5E9ABBE016F9F3E2000EAB46 /* DPTestView.xib in Resources */ = {isa = PBXBuildFile; fileRef = 5E9ABBDF16F9F3E2000EAB46 /* DPTestView.xib */; };
		5EC20D07171D3594006E03B7 /* BuyDialogImages in Resources */ = {isa = PBXBuildFile; fileRef = 5EC20D06171D3594006E03B7 /* BuyDialogImages */; };
		5EC20D0B171D56D6006E03B7 /* Videos in Resources */ = {isa = PBXBuildFile; fileRef = 5EC20D0A171D56D6006E03B7 /* Videos */; };
		5EC20D0D171D5D81006E03B7 /* AudioToolbox.framework in Frameworks */ = {isa = PBXBuildFile; fileRef = 5EC20D0C171D5D81006E03B7 /* AudioToolbox.framework */; };
		5EC20D10171DAD0F006E03B7 /* DPCarouselViewController.m in Sources */ = {isa = PBXBuildFile; fileRef = 5EC20D0F171DAD0F006E03B7 /* DPCarouselViewController.m */; };
		5EC2557D16FC64400045AB99 /* DPImageInfo.m in Sources */ = {isa = PBXBuildFile; fileRef = 5EC2557C16FC64400045AB99 /* DPImageInfo.m */; };
		5EC2557F16FC6E480045AB99 /* StoreKit.framework in Frameworks */ = {isa = PBXBuildFile; fileRef = 5EC2557E16FC6E480045AB99 /* StoreKit.framework */; };
		5EC2558416FC71BD0045AB99 /* IAPHelper.m in Sources */ = {isa = PBXBuildFile; fileRef = 5EC2558316FC71BD0045AB99 /* IAPHelper.m */; };
		5EC2558716FC73430045AB99 /* DPIAPHelper.m in Sources */ = {isa = PBXBuildFile; fileRef = 5EC2558616FC73430045AB99 /* DPIAPHelper.m */; };
		5EC2559116FC79E10045AB99 /* DPPaidRootViewController.m in Sources */ = {isa = PBXBuildFile; fileRef = 5EC2559016FC79E10045AB99 /* DPPaidRootViewController.m */; };
		5EC2559416FC7A070045AB99 /* DPPaidMainViewController.m in Sources */ = {isa = PBXBuildFile; fileRef = 5EC2559316FC7A070045AB99 /* DPPaidMainViewController.m */; };
		5EC2559B16FCC7310045AB99 /* DPScrollableViewController.m in Sources */ = {isa = PBXBuildFile; fileRef = 5EC2559A16FCC7310045AB99 /* DPScrollableViewController.m */; };
		5EC2559E16FCD18C0045AB99 /* DPCtgScrollViewController.m in Sources */ = {isa = PBXBuildFile; fileRef = 5EC2559D16FCD18C0045AB99 /* DPCtgScrollViewController.m */; };
		5EC255A116FF1DD70045AB99 /* DPImageContentViewController.m in Sources */ = {isa = PBXBuildFile; fileRef = 5EC255A016FF1DD70045AB99 /* DPImageContentViewController.m */; };
		5EC255B716FF291A0045AB99 /* ASIAuthenticationDialog.m in Sources */ = {isa = PBXBuildFile; fileRef = 5EC255A416FF291A0045AB99 /* ASIAuthenticationDialog.m */; settings = {COMPILER_FLAGS = "-fno-objc-arc"; }; };
		5EC255B816FF291A0045AB99 /* ASIDataCompressor.m in Sources */ = {isa = PBXBuildFile; fileRef = 5EC255A716FF291A0045AB99 /* ASIDataCompressor.m */; settings = {COMPILER_FLAGS = "-fno-objc-arc"; }; };
		5EC255B916FF291A0045AB99 /* ASIDataDecompressor.m in Sources */ = {isa = PBXBuildFile; fileRef = 5EC255A916FF291A0045AB99 /* ASIDataDecompressor.m */; settings = {COMPILER_FLAGS = "-fno-objc-arc"; }; };
		5EC255BA16FF291A0045AB99 /* ASIDownloadCache.m in Sources */ = {isa = PBXBuildFile; fileRef = 5EC255AB16FF291A0045AB99 /* ASIDownloadCache.m */; settings = {COMPILER_FLAGS = "-fno-objc-arc"; }; };
		5EC255BB16FF291A0045AB99 /* ASIFormDataRequest.m in Sources */ = {isa = PBXBuildFile; fileRef = 5EC255AD16FF291A0045AB99 /* ASIFormDataRequest.m */; settings = {COMPILER_FLAGS = "-fno-objc-arc"; }; };
		5EC255BC16FF291A0045AB99 /* ASIHTTPRequest.m in Sources */ = {isa = PBXBuildFile; fileRef = 5EC255AF16FF291A0045AB99 /* ASIHTTPRequest.m */; settings = {COMPILER_FLAGS = "-fno-objc-arc"; }; };
		5EC255BD16FF291A0045AB99 /* ASIInputStream.m in Sources */ = {isa = PBXBuildFile; fileRef = 5EC255B316FF291A0045AB99 /* ASIInputStream.m */; settings = {COMPILER_FLAGS = "-fno-objc-arc"; }; };
		5EC255BE16FF291A0045AB99 /* ASINetworkQueue.m in Sources */ = {isa = PBXBuildFile; fileRef = 5EC255B516FF291A0045AB99 /* ASINetworkQueue.m */; settings = {COMPILER_FLAGS = "-fno-objc-arc"; }; };
		5EC255C316FF49F20045AB99 /* Reachability.m in Sources */ = {isa = PBXBuildFile; fileRef = 5EC255C216FF49F20045AB99 /* Reachability.m */; settings = {COMPILER_FLAGS = "-fno-objc-arc"; }; };
		5EC255C516FF4C980045AB99 /* CFNetwork.framework in Frameworks */ = {isa = PBXBuildFile; fileRef = 5EC255C416FF4C970045AB99 /* CFNetwork.framework */; };
		5EC255C716FF4CB30045AB99 /* MobileCoreServices.framework in Frameworks */ = {isa = PBXBuildFile; fileRef = 5EC255C616FF4CB20045AB99 /* MobileCoreServices.framework */; };
		5EC255C916FF4CBD0045AB99 /* SystemConfiguration.framework in Frameworks */ = {isa = PBXBuildFile; fileRef = 5EC255C816FF4CBC0045AB99 /* SystemConfiguration.framework */; };
		5EC255D216FF95040045AB99 /* Localizable.strings in Resources */ = {isa = PBXBuildFile; fileRef = 5EC255D416FF95040045AB99 /* Localizable.strings */; };
		5EC255DF16FFB1BF0045AB99 /* DPHtmlContentViewController.m in Sources */ = {isa = PBXBuildFile; fileRef = 5EC255DE16FFB1BF0045AB99 /* DPHtmlContentViewController.m */; };
		5EC255E5170090A10045AB99 /* Article.m in Sources */ = {isa = PBXBuildFile; fileRef = 5EC255E2170090A10045AB99 /* Article.m */; };
		5EC255E6170090A10045AB99 /* ArticleParser.m in Sources */ = {isa = PBXBuildFile; fileRef = 5EC255E4170090A10045AB99 /* ArticleParser.m */; };
		5EC255EC1700AECF0045AB99 /* DPDataLoader.m in Sources */ = {isa = PBXBuildFile; fileRef = 5EC255EB1700AECF0045AB99 /* DPDataLoader.m */; };
		5EC255EF1700FEF70045AB99 /* DPCategoryViewController.m in Sources */ = {isa = PBXBuildFile; fileRef = 5EC255EE1700FEF60045AB99 /* DPCategoryViewController.m */; };
		5EC255F5170101540045AB99 /* DPPaidMainView.xib in Resources */ = {isa = PBXBuildFile; fileRef = 5EC255F3170101540045AB99 /* DPPaidMainView.xib */; };
		5EC255F6170101540045AB99 /* DPPaidRootView.xib in Resources */ = {isa = PBXBuildFile; fileRef = 5EC255F4170101540045AB99 /* DPPaidRootView.xib */; };
		5EC255F81701054A0045AB99 /* DPCategoryView.xib in Resources */ = {isa = PBXBuildFile; fileRef = 5EC255F71701054A0045AB99 /* DPCategoryView.xib */; };
		5EC48CDB1714B7CF00A9566E /* testView.xib in Resources */ = {isa = PBXBuildFile; fileRef = 5EC48CDA1714B7CF00A9566E /* testView.xib */; };
		5EC48CDE1714BF7E00A9566E /* DPBuyContentViewController.m in Sources */ = {isa = PBXBuildFile; fileRef = 5EC48CDD1714BF7E00A9566E /* DPBuyContentViewController.m */; };
		5EC573941724862A000B7004 /* NextModel in Resources */ = {isa = PBXBuildFile; fileRef = 5EC573931724862A000B7004 /* NextModel */; };
		5EC5739917255527000B7004 /* DPSocialManager.m in Sources */ = {isa = PBXBuildFile; fileRef = 5EC5739817255527000B7004 /* DPSocialManager.m */; };
		5EC5739C1725978E000B7004 /* DPNewNextViewController.m in Sources */ = {isa = PBXBuildFile; fileRef = 5EC5739B1725978D000B7004 /* DPNewNextViewController.m */; };
		5EC5739E172597A5000B7004 /* DPNewNextView.xib in Resources */ = {isa = PBXBuildFile; fileRef = 5EC5739D172597A5000B7004 /* DPNewNextView.xib */; };
		5EC573A017265B44000B7004 /* TabBar in Resources */ = {isa = PBXBuildFile; fileRef = 5EC5739F17265B43000B7004 /* TabBar */; };
		5EC573AE1727AE49000B7004 /* MainMenu in Resources */ = {isa = PBXBuildFile; fileRef = 5EC573AD1727AE48000B7004 /* MainMenu */; };
		5EC573B1172ADEAD000B7004 /* HouseOverview.m in Sources */ = {isa = PBXBuildFile; fileRef = 5EC573B0172ADEAB000B7004 /* HouseOverview.m */; };
		5EC573B4172ADEF5000B7004 /* HouseOverviewParser.m in Sources */ = {isa = PBXBuildFile; fileRef = 5EC573B3172ADEF3000B7004 /* HouseOverviewParser.m */; };
		5EC573B7172ADF15000B7004 /* HouseOverviewLoader.m in Sources */ = {isa = PBXBuildFile; fileRef = 5EC573B6172ADF14000B7004 /* HouseOverviewLoader.m */; };
		5EC573BA172AE278000B7004 /* DPBaseDataElement.m in Sources */ = {isa = PBXBuildFile; fileRef = 5EC573B9172AE277000B7004 /* DPBaseDataElement.m */; };
		5ED20279171E9624006AC1FC /* iCarousel.m in Sources */ = {isa = PBXBuildFile; fileRef = 5ED20278171E9624006AC1FC /* iCarousel.m */; };
		5ED2027D171E99F7006AC1FC /* AsyncImageView.m in Sources */ = {isa = PBXBuildFile; fileRef = 5ED2027C171E99F7006AC1FC /* AsyncImageView.m */; };
		5ED20283171EA757006AC1FC /* FXImageView.m in Sources */ = {isa = PBXBuildFile; fileRef = 5ED20280171EA757006AC1FC /* FXImageView.m */; };
		5ED20284171EA757006AC1FC /* UIImage+FX.m in Sources */ = {isa = PBXBuildFile; fileRef = 5ED20282171EA757006AC1FC /* UIImage+FX.m */; };
		5ED20286171F096E006AC1FC /* libz.1.2.5.dylib in Frameworks */ = {isa = PBXBuildFile; fileRef = 5ED20285171F096E006AC1FC /* libz.1.2.5.dylib */; };
		5EDC4119172E8265002A3788 /* HIK_ImageNames.plist in Resources */ = {isa = PBXBuildFile; fileRef = 5EDC4118172E8265002A3788 /* HIK_ImageNames.plist */; };
		5EDC411B172EA04A002A3788 /* HouseInfo in Resources */ = {isa = PBXBuildFile; fileRef = 5EDC411A172EA04A002A3788 /* HouseInfo */; };
		5EDF095B170C9CBE00774682 /* Icon-72.png in Resources */ = {isa = PBXBuildFile; fileRef = 5EDF0957170C9CBE00774682 /* Icon-72.png */; };
		5EDF095C170C9CBE00774682 /* Icon-72@2x.png in Resources */ = {isa = PBXBuildFile; fileRef = 5EDF0958170C9CBE00774682 /* Icon-72@2x.png */; };
		5EDF095D170C9CBE00774682 /* Icon.png in Resources */ = {isa = PBXBuildFile; fileRef = 5EDF0959170C9CBE00774682 /* Icon.png */; };
		5EDF095E170C9CBE00774682 /* Icon@2x.png in Resources */ = {isa = PBXBuildFile; fileRef = 5EDF095A170C9CBE00774682 /* Icon@2x.png */; };
		5EE16DFF171C47D10006E1CE /* Carousel in Resources */ = {isa = PBXBuildFile; fileRef = 5EE16DFE171C47D10006E1CE /* Carousel */; };
		5EF40842170DE9A100938AEE /* DPCardView.m in Sources */ = {isa = PBXBuildFile; fileRef = 5EF40841170DE9A100938AEE /* DPCardView.m */; };
		5EF40845170DE9B200938AEE /* DPAnimatedCardsView.m in Sources */ = {isa = PBXBuildFile; fileRef = 5EF40844170DE9B200938AEE /* DPAnimatedCardsView.m */; };
		5EFCCCFA1709BE6C00C1FE88 /* DPDataCache.m in Sources */ = {isa = PBXBuildFile; fileRef = 5EFCCCF91709BE6C00C1FE88 /* DPDataCache.m */; };
		5EFCCCFD1709C37100C1FE88 /* DPDataElement.m in Sources */ = {isa = PBXBuildFile; fileRef = 5EFCCCFC1709C37100C1FE88 /* DPDataElement.m */; };
		5EFCCD001709DECA00C1FE88 /* Banner.m in Sources */ = {isa = PBXBuildFile; fileRef = 5EFCCCFF1709DECA00C1FE88 /* Banner.m */; };
		5EFCCD031709ECCE00C1FE88 /* BannerParser.m in Sources */ = {isa = PBXBuildFile; fileRef = 5EFCCD021709ECCE00C1FE88 /* BannerParser.m */; };
		5EFCCD061709EF6400C1FE88 /* DPBannersLoader.m in Sources */ = {isa = PBXBuildFile; fileRef = 5EFCCD051709EF6400C1FE88 /* DPBannersLoader.m */; };
		5EFCCD091709F10700C1FE88 /* Category.m in Sources */ = {isa = PBXBuildFile; fileRef = 5EFCCD081709F10700C1FE88 /* Category.m */; };
		5EFCCD0C1709F2EE00C1FE88 /* CategoryParser.m in Sources */ = {isa = PBXBuildFile; fileRef = 5EFCCD0B1709F2ED00C1FE88 /* CategoryParser.m */; };
		5EFCCD0F1709F30700C1FE88 /* DPCategoryLoader.m in Sources */ = {isa = PBXBuildFile; fileRef = 5EFCCD0E1709F30700C1FE88 /* DPCategoryLoader.m */; };
		5EFCCD1B170ADF0E00C1FE88 /* free-details.plist in Resources */ = {isa = PBXBuildFile; fileRef = 5EFCCD1A170ADF0E00C1FE88 /* free-details.plist */; };
		5EFCCD35170B18BC00C1FE88 /* free-Buy.plist in Resources */ = {isa = PBXBuildFile; fileRef = 5EFCCD34170B18BC00C1FE88 /* free-Buy.plist */; };
		5EFCCD37170B26D300C1FE88 /* free-CoverFlow.plist in Resources */ = {isa = PBXBuildFile; fileRef = 5EFCCD36170B26D200C1FE88 /* free-CoverFlow.plist */; };
		5EFCCD39170B469900C1FE88 /* paid-MainMenu.plist in Resources */ = {isa = PBXBuildFile; fileRef = 5EFCCD38170B469900C1FE88 /* paid-MainMenu.plist */; };
		5EFCCD3B170B48DC00C1FE88 /* paid-Islands.plist in Resources */ = {isa = PBXBuildFile; fileRef = 5EFCCD3A170B48DC00C1FE88 /* paid-Islands.plist */; };
		5EFCCD3D170B4BF400C1FE88 /* paid-Exclusive.plist in Resources */ = {isa = PBXBuildFile; fileRef = 5EFCCD3C170B4BF400C1FE88 /* paid-Exclusive.plist */; };
		5EFCCD3F170B520100C1FE88 /* rootCategories.plist in Resources */ = {isa = PBXBuildFile; fileRef = 5EFCCD3E170B520100C1FE88 /* rootCategories.plist */; };
/* End PBXBuildFile section */

/* Begin PBXFileReference section */
		5E03E922171578FB00F0C6F3 /* BuyDialog */ = {isa = PBXFileReference; lastKnownFileType = folder; path = BuyDialog; sourceTree = "<group>"; };
		5E0C7651170F32E200F572A0 /* DPMenuViewController.h */ = {isa = PBXFileReference; fileEncoding = 4; lastKnownFileType = sourcecode.c.h; path = DPMenuViewController.h; sourceTree = "<group>"; };
		5E0C7652170F32E200F572A0 /* DPMenuViewController.m */ = {isa = PBXFileReference; fileEncoding = 4; lastKnownFileType = sourcecode.c.objc; path = DPMenuViewController.m; sourceTree = "<group>"; };
		5E31F025171FFCBB008B15F0 /* FacebookSDK.framework */ = {isa = PBXFileReference; lastKnownFileType = wrapper.framework; name = FacebookSDK.framework; path = ../../FacebookSDK/FacebookSDK.framework; sourceTree = "<group>"; };
		5E31F027171FFD54008B15F0 /* FacebookSDKResources.bundle */ = {isa = PBXFileReference; lastKnownFileType = "wrapper.plug-in"; name = FacebookSDKResources.bundle; path = ../../FacebookSDK/FacebookSDK.framework/Versions/A/Resources/FacebookSDKResources.bundle; sourceTree = "<group>"; };
		5E31F029171FFDAD008B15F0 /* Accounts.framework */ = {isa = PBXFileReference; lastKnownFileType = wrapper.framework; name = Accounts.framework; path = System/Library/Frameworks/Accounts.framework; sourceTree = SDKROOT; };
		5E31F02A171FFDAD008B15F0 /* AdSupport.framework */ = {isa = PBXFileReference; lastKnownFileType = wrapper.framework; name = AdSupport.framework; path = System/Library/Frameworks/AdSupport.framework; sourceTree = SDKROOT; };
		5E31F02B171FFDAD008B15F0 /* Social.framework */ = {isa = PBXFileReference; lastKnownFileType = wrapper.framework; name = Social.framework; path = System/Library/Frameworks/Social.framework; sourceTree = SDKROOT; };
		5E31F03017200F07008B15F0 /* DPFBLoginViewController.h */ = {isa = PBXFileReference; fileEncoding = 4; lastKnownFileType = sourcecode.c.h; path = DPFBLoginViewController.h; sourceTree = "<group>"; };
		5E31F03117200F07008B15F0 /* DPFBLoginViewController.m */ = {isa = PBXFileReference; fileEncoding = 4; lastKnownFileType = sourcecode.c.objc; path = DPFBLoginViewController.m; sourceTree = "<group>"; };
		5E31F03617201073008B15F0 /* DPFBLoginView.xib */ = {isa = PBXFileReference; fileEncoding = 4; lastKnownFileType = file.xib; path = DPFBLoginView.xib; sourceTree = "<group>"; };
		5E31F038172021C3008B15F0 /* DPFacebookViewController.h */ = {isa = PBXFileReference; fileEncoding = 4; lastKnownFileType = sourcecode.c.h; path = DPFacebookViewController.h; sourceTree = "<group>"; };
		5E31F039172021C3008B15F0 /* DPFacebookViewController.m */ = {isa = PBXFileReference; fileEncoding = 4; lastKnownFileType = sourcecode.c.objc; path = DPFacebookViewController.m; sourceTree = "<group>"; };
		5E31F03B172021DB008B15F0 /* DPFacebookView.xib */ = {isa = PBXFileReference; fileEncoding = 4; lastKnownFileType = file.xib; path = DPFacebookView.xib; sourceTree = "<group>"; };
		5E31F03D17203B40008B15F0 /* DPMailHelper.h */ = {isa = PBXFileReference; fileEncoding = 4; lastKnownFileType = sourcecode.c.h; path = DPMailHelper.h; sourceTree = "<group>"; };
		5E31F03E17203B40008B15F0 /* DPMailHelper.m */ = {isa = PBXFileReference; fileEncoding = 4; lastKnownFileType = sourcecode.c.objc; path = DPMailHelper.m; sourceTree = "<group>"; };
		5E31F040172045E0008B15F0 /* MessageUI.framework */ = {isa = PBXFileReference; lastKnownFileType = wrapper.framework; name = MessageUI.framework; path = System/Library/Frameworks/MessageUI.framework; sourceTree = SDKROOT; };
		5E31F0421720574E008B15F0 /* Twitter.framework */ = {isa = PBXFileReference; lastKnownFileType = wrapper.framework; name = Twitter.framework; path = System/Library/Frameworks/Twitter.framework; sourceTree = SDKROOT; };
		5E31F04717205AC0008B15F0 /* DPSocialViewController.h */ = {isa = PBXFileReference; fileEncoding = 4; lastKnownFileType = sourcecode.c.h; path = DPSocialViewController.h; sourceTree = "<group>"; };
		5E31F04817205AC0008B15F0 /* DPSocialViewController.m */ = {isa = PBXFileReference; fileEncoding = 4; lastKnownFileType = sourcecode.c.objc; path = DPSocialViewController.m; sourceTree = "<group>"; };
		5E31F04A17205AD8008B15F0 /* DPSocialView.xib */ = {isa = PBXFileReference; fileEncoding = 4; lastKnownFileType = file.xib; path = DPSocialView.xib; sourceTree = "<group>"; };
		5E3605001707154E00DB7B20 /* DPAppHelper.h */ = {isa = PBXFileReference; fileEncoding = 4; lastKnownFileType = sourcecode.c.h; path = DPAppHelper.h; sourceTree = "<group>"; };
		5E3605011707154E00DB7B20 /* DPAppHelper.m */ = {isa = PBXFileReference; fileEncoding = 4; lastKnownFileType = sourcecode.c.objc; path = DPAppHelper.m; sourceTree = "<group>"; };
		5E3605101707A72400DB7B20 /* DPBuyViewController.h */ = {isa = PBXFileReference; fileEncoding = 4; lastKnownFileType = sourcecode.c.h; path = DPBuyViewController.h; sourceTree = "<group>"; };
		5E3605111707A72400DB7B20 /* DPBuyViewController.m */ = {isa = PBXFileReference; fileEncoding = 4; lastKnownFileType = sourcecode.c.objc; path = DPBuyViewController.m; sourceTree = "<group>"; };
		5E3605131707A74300DB7B20 /* DPBuyView.xib */ = {isa = PBXFileReference; fileEncoding = 4; lastKnownFileType = file.xib; path = DPBuyView.xib; sourceTree = "<group>"; };
		5E3605151707BDD800DB7B20 /* UIApplication+ScreenDimensions.h */ = {isa = PBXFileReference; lastKnownFileType = sourcecode.c.h; path = "UIApplication+ScreenDimensions.h"; sourceTree = "<group>"; };
		5E3605161707BDD900DB7B20 /* UIApplication+ScreenDimensions.m */ = {isa = PBXFileReference; lastKnownFileType = sourcecode.c.objc; path = "UIApplication+ScreenDimensions.m"; sourceTree = "<group>"; };
		5E36051F1708438F00DB7B20 /* close.png */ = {isa = PBXFileReference; lastKnownFileType = image.png; path = close.png; sourceTree = "<group>"; };
		5E3605201708438F00DB7B20 /* close@2x.png */ = {isa = PBXFileReference; lastKnownFileType = image.png; path = "close@2x.png"; sourceTree = "<group>"; };
		5E3605271708B5B600DB7B20 /* DPFloatingViewController.h */ = {isa = PBXFileReference; fileEncoding = 4; lastKnownFileType = sourcecode.c.h; path = DPFloatingViewController.h; sourceTree = "<group>"; };
		5E3605281708B5B600DB7B20 /* DPFloatingViewController.m */ = {isa = PBXFileReference; fileEncoding = 4; lastKnownFileType = sourcecode.c.objc; path = DPFloatingViewController.m; sourceTree = "<group>"; };
		5E36052A1708B5E300DB7B20 /* DPFloatingView.xib */ = {isa = PBXFileReference; fileEncoding = 4; lastKnownFileType = file.xib; path = DPFloatingView.xib; sourceTree = "<group>"; };
		5E36052C1708C83300DB7B20 /* DPAdsViewController.h */ = {isa = PBXFileReference; fileEncoding = 4; lastKnownFileType = sourcecode.c.h; path = DPAdsViewController.h; sourceTree = "<group>"; };
		5E36052D1708C83400DB7B20 /* DPAdsViewController.m */ = {isa = PBXFileReference; fileEncoding = 4; lastKnownFileType = sourcecode.c.objc; path = DPAdsViewController.m; sourceTree = "<group>"; };
		5E36052F1708C91C00DB7B20 /* DPArticlesLoader.h */ = {isa = PBXFileReference; fileEncoding = 4; lastKnownFileType = sourcecode.c.h; path = DPArticlesLoader.h; sourceTree = "<group>"; };
		5E3605301708C91C00DB7B20 /* DPArticlesLoader.m */ = {isa = PBXFileReference; fileEncoding = 4; lastKnownFileType = sourcecode.c.objc; path = DPArticlesLoader.m; sourceTree = "<group>"; };
		5E3D9B9517044CB400208D7B /* ARCMacros.h */ = {isa = PBXFileReference; fileEncoding = 4; lastKnownFileType = sourcecode.c.h; path = ARCMacros.h; sourceTree = "<group>"; };
		5E3D9B9617044CB400208D7B /* FPPopoverController.h */ = {isa = PBXFileReference; fileEncoding = 4; lastKnownFileType = sourcecode.c.h; path = FPPopoverController.h; sourceTree = "<group>"; };
		5E3D9B9717044CB400208D7B /* FPPopoverController.m */ = {isa = PBXFileReference; fileEncoding = 4; lastKnownFileType = sourcecode.c.objc; path = FPPopoverController.m; sourceTree = "<group>"; };
		5E3D9B9817044CB400208D7B /* FPPopoverView.h */ = {isa = PBXFileReference; fileEncoding = 4; lastKnownFileType = sourcecode.c.h; path = FPPopoverView.h; sourceTree = "<group>"; };
		5E3D9B9917044CB400208D7B /* FPPopoverView.m */ = {isa = PBXFileReference; fileEncoding = 4; lastKnownFileType = sourcecode.c.objc; path = FPPopoverView.m; sourceTree = "<group>"; };
		5E3D9B9A17044CB400208D7B /* FPTouchView.h */ = {isa = PBXFileReference; fileEncoding = 4; lastKnownFileType = sourcecode.c.h; path = FPTouchView.h; sourceTree = "<group>"; };
		5E3D9B9B17044CB400208D7B /* FPTouchView.m */ = {isa = PBXFileReference; fileEncoding = 4; lastKnownFileType = sourcecode.c.objc; path = FPTouchView.m; sourceTree = "<group>"; };
		5E486C55170214D90040F165 /* DPConstants.h */ = {isa = PBXFileReference; fileEncoding = 4; lastKnownFileType = sourcecode.c.h; path = DPConstants.h; sourceTree = "<group>"; };
		5E486C56170214D90040F165 /* DPConstants.m */ = {isa = PBXFileReference; fileEncoding = 4; lastKnownFileType = sourcecode.c.objc; path = DPConstants.m; sourceTree = "<group>"; };
		5E486C5917025FBC0040F165 /* YTVimeoExtractor.h */ = {isa = PBXFileReference; fileEncoding = 4; lastKnownFileType = sourcecode.c.h; path = YTVimeoExtractor.h; sourceTree = "<group>"; };
		5E486C5A17025FBC0040F165 /* YTVimeoExtractor.m */ = {isa = PBXFileReference; fileEncoding = 4; lastKnownFileType = sourcecode.c.objc; path = YTVimeoExtractor.m; sourceTree = "<group>"; };
		5E486C5C170260980040F165 /* MediaPlayer.framework */ = {isa = PBXFileReference; lastKnownFileType = wrapper.framework; name = MediaPlayer.framework; path = System/Library/Frameworks/MediaPlayer.framework; sourceTree = SDKROOT; };
		5E486C5E170264D50040F165 /* DPVimeoPlayerViewController.h */ = {isa = PBXFileReference; fileEncoding = 4; lastKnownFileType = sourcecode.c.h; path = DPVimeoPlayerViewController.h; sourceTree = "<group>"; };
		5E486C5F170264D50040F165 /* DPVimeoPlayerViewController.m */ = {isa = PBXFileReference; fileEncoding = 4; lastKnownFileType = sourcecode.c.objc; path = DPVimeoPlayerViewController.m; sourceTree = "<group>"; };
		5E4E85121710356A005DAD06 /* Background */ = {isa = PBXFileReference; lastKnownFileType = folder; path = Background; sourceTree = "<group>"; };
		5E4E8514171059AA005DAD06 /* Navbar */ = {isa = PBXFileReference; lastKnownFileType = folder; path = Navbar; sourceTree = "<group>"; };
		5E4E851817109D38005DAD06 /* DPCategoriesViewController.h */ = {isa = PBXFileReference; fileEncoding = 4; lastKnownFileType = sourcecode.c.h; path = DPCategoriesViewController.h; sourceTree = "<group>"; };
		5E4E851917109D38005DAD06 /* DPCategoriesViewController.m */ = {isa = PBXFileReference; fileEncoding = 4; lastKnownFileType = sourcecode.c.objc; path = DPCategoriesViewController.m; sourceTree = "<group>"; };
		5E4E851B1711E4FF005DAD06 /* DPSubCategoryViewController.h */ = {isa = PBXFileReference; fileEncoding = 4; lastKnownFileType = sourcecode.c.h; path = DPSubCategoryViewController.h; sourceTree = "<group>"; };
		5E4E851C1711E500005DAD06 /* DPSubCategoryViewController.m */ = {isa = PBXFileReference; fileEncoding = 4; lastKnownFileType = sourcecode.c.objc; path = DPSubCategoryViewController.m; sourceTree = "<group>"; };
		5E4E851E1711E542005DAD06 /* DPSubCategoryView.xib */ = {isa = PBXFileReference; fileEncoding = 4; lastKnownFileType = file.xib; path = DPSubCategoryView.xib; sourceTree = "<group>"; };
		5E4E85201711F947005DAD06 /* DPAnimatedScrollViewController.h */ = {isa = PBXFileReference; fileEncoding = 4; lastKnownFileType = sourcecode.c.h; path = DPAnimatedScrollViewController.h; sourceTree = "<group>"; };
		5E4E85211711F947005DAD06 /* DPAnimatedScrollViewController.m */ = {isa = PBXFileReference; fileEncoding = 4; lastKnownFileType = sourcecode.c.objc; path = DPAnimatedScrollViewController.m; sourceTree = "<group>"; };
		5E4E8526171227BF005DAD06 /* CoreText.framework */ = {isa = PBXFileReference; lastKnownFileType = wrapper.framework; name = CoreText.framework; path = System/Library/Frameworks/CoreText.framework; sourceTree = SDKROOT; };
		5E5F949E17213BF5006C9A88 /* Social */ = {isa = PBXFileReference; lastKnownFileType = folder; path = Social; sourceTree = "<group>"; };
		5E71A3B416F9973500E7AFF9 /* energyVillas.app */ = {isa = PBXFileReference; explicitFileType = wrapper.application; includeInIndex = 0; path = energyVillas.app; sourceTree = BUILT_PRODUCTS_DIR; };
		5E71A3B716F9973500E7AFF9 /* UIKit.framework */ = {isa = PBXFileReference; lastKnownFileType = wrapper.framework; name = UIKit.framework; path = System/Library/Frameworks/UIKit.framework; sourceTree = SDKROOT; };
		5E71A3B916F9973500E7AFF9 /* Foundation.framework */ = {isa = PBXFileReference; lastKnownFileType = wrapper.framework; name = Foundation.framework; path = System/Library/Frameworks/Foundation.framework; sourceTree = SDKROOT; };
		5E71A3BB16F9973500E7AFF9 /* CoreGraphics.framework */ = {isa = PBXFileReference; lastKnownFileType = wrapper.framework; name = CoreGraphics.framework; path = System/Library/Frameworks/CoreGraphics.framework; sourceTree = SDKROOT; };
		5E71A3BF16F9973500E7AFF9 /* energyVillas-Info.plist */ = {isa = PBXFileReference; lastKnownFileType = text.plist.xml; path = "energyVillas-Info.plist"; sourceTree = "<group>"; };
		5E71A3C116F9973500E7AFF9 /* en */ = {isa = PBXFileReference; lastKnownFileType = text.plist.strings; name = en; path = en.lproj/InfoPlist.strings; sourceTree = "<group>"; };
		5E71A3C316F9973500E7AFF9 /* main.m */ = {isa = PBXFileReference; lastKnownFileType = sourcecode.c.objc; path = main.m; sourceTree = "<group>"; };
		5E71A3C516F9973500E7AFF9 /* energyVillas-Prefix.pch */ = {isa = PBXFileReference; lastKnownFileType = sourcecode.c.h; path = "energyVillas-Prefix.pch"; sourceTree = "<group>"; };
		5E71A3C616F9973500E7AFF9 /* DPAppDelegate.h */ = {isa = PBXFileReference; lastKnownFileType = sourcecode.c.h; path = DPAppDelegate.h; sourceTree = "<group>"; };
		5E71A3C716F9973500E7AFF9 /* DPAppDelegate.m */ = {isa = PBXFileReference; lastKnownFileType = sourcecode.c.objc; path = DPAppDelegate.m; sourceTree = "<group>"; };
		5E71A3C916F9973500E7AFF9 /* Default.png */ = {isa = PBXFileReference; lastKnownFileType = image.png; path = Default.png; sourceTree = "<group>"; };
		5E71A3CB16F9973500E7AFF9 /* Default@2x.png */ = {isa = PBXFileReference; lastKnownFileType = image.png; path = "Default@2x.png"; sourceTree = "<group>"; };
		5E71A3CD16F9973500E7AFF9 /* Default-568h@2x.png */ = {isa = PBXFileReference; lastKnownFileType = image.png; path = "Default-568h@2x.png"; sourceTree = "<group>"; };
		5E71A3D516F998D500E7AFF9 /* UINavContentViewController.h */ = {isa = PBXFileReference; fileEncoding = 4; lastKnownFileType = sourcecode.c.h; path = UINavContentViewController.h; sourceTree = "<group>"; };
		5E71A3D616F998D500E7AFF9 /* UINavContentViewController.m */ = {isa = PBXFileReference; fileEncoding = 4; lastKnownFileType = sourcecode.c.objc; path = UINavContentViewController.m; sourceTree = "<group>"; };
		5E71A3DA16F9991000E7AFF9 /* CustomMenuBarItem.h */ = {isa = PBXFileReference; fileEncoding = 4; lastKnownFileType = sourcecode.c.h; path = CustomMenuBarItem.h; sourceTree = "<group>"; };
		5E71A3DB16F9991000E7AFF9 /* CustomMenuBarItem.m */ = {isa = PBXFileReference; fileEncoding = 4; lastKnownFileType = sourcecode.c.objc; path = CustomMenuBarItem.m; sourceTree = "<group>"; };
		5E71A3DD16F9991000E7AFF9 /* ImageResizing.h */ = {isa = PBXFileReference; fileEncoding = 4; lastKnownFileType = sourcecode.c.h; path = ImageResizing.h; sourceTree = "<group>"; };
		5E71A3DE16F9991000E7AFF9 /* ImageResizing.m */ = {isa = PBXFileReference; fileEncoding = 4; lastKnownFileType = sourcecode.c.objc; path = ImageResizing.m; sourceTree = "<group>"; };
		5E71A3E016F9991000E7AFF9 /* AFItemView.h */ = {isa = PBXFileReference; fileEncoding = 4; lastKnownFileType = sourcecode.c.h; path = AFItemView.h; sourceTree = "<group>"; };
		5E71A3E116F9991000E7AFF9 /* AFItemView.m */ = {isa = PBXFileReference; fileEncoding = 4; lastKnownFileType = sourcecode.c.objc; path = AFItemView.m; sourceTree = "<group>"; };
		5E71A3E216F9991000E7AFF9 /* AFOpenFlowConstants.h */ = {isa = PBXFileReference; fileEncoding = 4; lastKnownFileType = sourcecode.c.h; path = AFOpenFlowConstants.h; sourceTree = "<group>"; };
		5E71A3E316F9991000E7AFF9 /* AFOpenFlowView.h */ = {isa = PBXFileReference; fileEncoding = 4; lastKnownFileType = sourcecode.c.h; path = AFOpenFlowView.h; sourceTree = "<group>"; };
		5E71A3E416F9991000E7AFF9 /* AFOpenFlowView.m */ = {isa = PBXFileReference; fileEncoding = 4; lastKnownFileType = sourcecode.c.objc; path = AFOpenFlowView.m; sourceTree = "<group>"; };
		5E71A3E516F9991000E7AFF9 /* AFUIImageReflection.h */ = {isa = PBXFileReference; fileEncoding = 4; lastKnownFileType = sourcecode.c.h; path = AFUIImageReflection.h; sourceTree = "<group>"; };
		5E71A3E616F9991000E7AFF9 /* AFUIImageReflection.m */ = {isa = PBXFileReference; fileEncoding = 4; lastKnownFileType = sourcecode.c.objc; path = AFUIImageReflection.m; sourceTree = "<group>"; };
		5E71A3E716F9991000E7AFF9 /* UIImageExtras.h */ = {isa = PBXFileReference; fileEncoding = 4; lastKnownFileType = sourcecode.c.h; path = UIImageExtras.h; sourceTree = "<group>"; };
		5E71A3E816F9991000E7AFF9 /* UIImageExtras.m */ = {isa = PBXFileReference; fileEncoding = 4; lastKnownFileType = sourcecode.c.objc; path = UIImageExtras.m; sourceTree = "<group>"; };
		5E71A3EF16F99A0500E7AFF9 /* QuartzCore.framework */ = {isa = PBXFileReference; lastKnownFileType = wrapper.framework; name = QuartzCore.framework; path = System/Library/Frameworks/QuartzCore.framework; sourceTree = SDKROOT; };
		5E71A3F216F99ADB00E7AFF9 /* DPMainViewController.h */ = {isa = PBXFileReference; fileEncoding = 4; lastKnownFileType = sourcecode.c.h; path = DPMainViewController.h; sourceTree = "<group>"; };
		5E71A3F316F99ADB00E7AFF9 /* DPMainViewController.m */ = {isa = PBXFileReference; fileEncoding = 4; lastKnownFileType = sourcecode.c.objc; path = DPMainViewController.m; sourceTree = "<group>"; };
		5E71A3F816F99C9500E7AFF9 /* DPMainView.xib */ = {isa = PBXFileReference; fileEncoding = 4; lastKnownFileType = file.xib; path = DPMainView.xib; sourceTree = "<group>"; };
		5E71A3FA16F99DC400E7AFF9 /* DPRootViewController.h */ = {isa = PBXFileReference; fileEncoding = 4; lastKnownFileType = sourcecode.c.h; path = DPRootViewController.h; sourceTree = "<group>"; };
		5E71A3FB16F99DC400E7AFF9 /* DPRootViewController.m */ = {isa = PBXFileReference; fileEncoding = 4; lastKnownFileType = sourcecode.c.objc; path = DPRootViewController.m; sourceTree = "<group>"; };
		5E71A3FD16F99DD900E7AFF9 /* DPRootView.xib */ = {isa = PBXFileReference; fileEncoding = 4; lastKnownFileType = file.xib; path = DPRootView.xib; sourceTree = "<group>"; };
		5E869E0C173010EA00516D2D /* FreeImages */ = {isa = PBXFileReference; lastKnownFileType = folder; path = FreeImages; sourceTree = "<group>"; };
		5E8AB0CA171706D1004AFE76 /* UIImage+Retina4.h */ = {isa = PBXFileReference; fileEncoding = 4; lastKnownFileType = sourcecode.c.h; path = "UIImage+Retina4.h"; sourceTree = "<group>"; };
		5E8AB0CB171706D1004AFE76 /* UIImage+Retina4.m */ = {isa = PBXFileReference; fileEncoding = 4; lastKnownFileType = sourcecode.c.objc; path = "UIImage+Retina4.m"; sourceTree = "<group>"; };
		5E9ABBDC16F9F3CA000EAB46 /* DPTestViewController.h */ = {isa = PBXFileReference; fileEncoding = 4; lastKnownFileType = sourcecode.c.h; path = DPTestViewController.h; sourceTree = "<group>"; };
		5E9ABBDD16F9F3CA000EAB46 /* DPTestViewController.m */ = {isa = PBXFileReference; fileEncoding = 4; lastKnownFileType = sourcecode.c.objc; path = DPTestViewController.m; sourceTree = "<group>"; };
		5E9ABBDF16F9F3E2000EAB46 /* DPTestView.xib */ = {isa = PBXFileReference; fileEncoding = 4; lastKnownFileType = file.xib; path = DPTestView.xib; sourceTree = "<group>"; };
		5EC20D06171D3594006E03B7 /* BuyDialogImages */ = {isa = PBXFileReference; lastKnownFileType = folder; path = BuyDialogImages; sourceTree = "<group>"; };
		5EC20D0A171D56D6006E03B7 /* Videos */ = {isa = PBXFileReference; lastKnownFileType = folder; path = Videos; sourceTree = "<group>"; };
		5EC20D0C171D5D81006E03B7 /* AudioToolbox.framework */ = {isa = PBXFileReference; lastKnownFileType = wrapper.framework; name = AudioToolbox.framework; path = System/Library/Frameworks/AudioToolbox.framework; sourceTree = SDKROOT; };
		5EC20D0E171DAD0E006E03B7 /* DPCarouselViewController.h */ = {isa = PBXFileReference; fileEncoding = 4; lastKnownFileType = sourcecode.c.h; path = DPCarouselViewController.h; sourceTree = "<group>"; };
		5EC20D0F171DAD0F006E03B7 /* DPCarouselViewController.m */ = {isa = PBXFileReference; fileEncoding = 4; lastKnownFileType = sourcecode.c.objc; path = DPCarouselViewController.m; sourceTree = "<group>"; };
		5EC2557B16FC64400045AB99 /* DPImageInfo.h */ = {isa = PBXFileReference; fileEncoding = 4; lastKnownFileType = sourcecode.c.h; path = DPImageInfo.h; sourceTree = "<group>"; };
		5EC2557C16FC64400045AB99 /* DPImageInfo.m */ = {isa = PBXFileReference; fileEncoding = 4; lastKnownFileType = sourcecode.c.objc; path = DPImageInfo.m; sourceTree = "<group>"; };
		5EC2557E16FC6E480045AB99 /* StoreKit.framework */ = {isa = PBXFileReference; lastKnownFileType = wrapper.framework; name = StoreKit.framework; path = System/Library/Frameworks/StoreKit.framework; sourceTree = SDKROOT; };
		5EC2558216FC71BD0045AB99 /* IAPHelper.h */ = {isa = PBXFileReference; fileEncoding = 4; lastKnownFileType = sourcecode.c.h; path = IAPHelper.h; sourceTree = "<group>"; };
		5EC2558316FC71BD0045AB99 /* IAPHelper.m */ = {isa = PBXFileReference; fileEncoding = 4; lastKnownFileType = sourcecode.c.objc; path = IAPHelper.m; sourceTree = "<group>"; };
		5EC2558516FC73430045AB99 /* DPIAPHelper.h */ = {isa = PBXFileReference; fileEncoding = 4; lastKnownFileType = sourcecode.c.h; path = DPIAPHelper.h; sourceTree = "<group>"; };
		5EC2558616FC73430045AB99 /* DPIAPHelper.m */ = {isa = PBXFileReference; fileEncoding = 4; lastKnownFileType = sourcecode.c.objc; path = DPIAPHelper.m; sourceTree = "<group>"; };
		5EC2558F16FC79E10045AB99 /* DPPaidRootViewController.h */ = {isa = PBXFileReference; fileEncoding = 4; lastKnownFileType = sourcecode.c.h; path = DPPaidRootViewController.h; sourceTree = "<group>"; };
		5EC2559016FC79E10045AB99 /* DPPaidRootViewController.m */ = {isa = PBXFileReference; fileEncoding = 4; lastKnownFileType = sourcecode.c.objc; path = DPPaidRootViewController.m; sourceTree = "<group>"; };
		5EC2559216FC7A070045AB99 /* DPPaidMainViewController.h */ = {isa = PBXFileReference; fileEncoding = 4; lastKnownFileType = sourcecode.c.h; path = DPPaidMainViewController.h; sourceTree = "<group>"; };
		5EC2559316FC7A070045AB99 /* DPPaidMainViewController.m */ = {isa = PBXFileReference; fileEncoding = 4; lastKnownFileType = sourcecode.c.objc; path = DPPaidMainViewController.m; sourceTree = "<group>"; };
		5EC2559916FCC7310045AB99 /* DPScrollableViewController.h */ = {isa = PBXFileReference; fileEncoding = 4; lastKnownFileType = sourcecode.c.h; path = DPScrollableViewController.h; sourceTree = "<group>"; };
		5EC2559A16FCC7310045AB99 /* DPScrollableViewController.m */ = {isa = PBXFileReference; fileEncoding = 4; lastKnownFileType = sourcecode.c.objc; path = DPScrollableViewController.m; sourceTree = "<group>"; };
		5EC2559C16FCD18C0045AB99 /* DPCtgScrollViewController.h */ = {isa = PBXFileReference; fileEncoding = 4; lastKnownFileType = sourcecode.c.h; path = DPCtgScrollViewController.h; sourceTree = "<group>"; };
		5EC2559D16FCD18C0045AB99 /* DPCtgScrollViewController.m */ = {isa = PBXFileReference; fileEncoding = 4; lastKnownFileType = sourcecode.c.objc; path = DPCtgScrollViewController.m; sourceTree = "<group>"; };
		5EC2559F16FF1DD60045AB99 /* DPImageContentViewController.h */ = {isa = PBXFileReference; fileEncoding = 4; lastKnownFileType = sourcecode.c.h; path = DPImageContentViewController.h; sourceTree = "<group>"; };
		5EC255A016FF1DD70045AB99 /* DPImageContentViewController.m */ = {isa = PBXFileReference; fileEncoding = 4; lastKnownFileType = sourcecode.c.objc; path = DPImageContentViewController.m; sourceTree = "<group>"; };
		5EC255A316FF291A0045AB99 /* ASIAuthenticationDialog.h */ = {isa = PBXFileReference; fileEncoding = 4; lastKnownFileType = sourcecode.c.h; path = ASIAuthenticationDialog.h; sourceTree = "<group>"; };
		5EC255A416FF291A0045AB99 /* ASIAuthenticationDialog.m */ = {isa = PBXFileReference; fileEncoding = 4; lastKnownFileType = sourcecode.c.objc; path = ASIAuthenticationDialog.m; sourceTree = "<group>"; };
		5EC255A516FF291A0045AB99 /* ASICacheDelegate.h */ = {isa = PBXFileReference; fileEncoding = 4; lastKnownFileType = sourcecode.c.h; path = ASICacheDelegate.h; sourceTree = "<group>"; };
		5EC255A616FF291A0045AB99 /* ASIDataCompressor.h */ = {isa = PBXFileReference; fileEncoding = 4; lastKnownFileType = sourcecode.c.h; path = ASIDataCompressor.h; sourceTree = "<group>"; };
		5EC255A716FF291A0045AB99 /* ASIDataCompressor.m */ = {isa = PBXFileReference; fileEncoding = 4; lastKnownFileType = sourcecode.c.objc; path = ASIDataCompressor.m; sourceTree = "<group>"; };
		5EC255A816FF291A0045AB99 /* ASIDataDecompressor.h */ = {isa = PBXFileReference; fileEncoding = 4; lastKnownFileType = sourcecode.c.h; path = ASIDataDecompressor.h; sourceTree = "<group>"; };
		5EC255A916FF291A0045AB99 /* ASIDataDecompressor.m */ = {isa = PBXFileReference; fileEncoding = 4; lastKnownFileType = sourcecode.c.objc; path = ASIDataDecompressor.m; sourceTree = "<group>"; };
		5EC255AA16FF291A0045AB99 /* ASIDownloadCache.h */ = {isa = PBXFileReference; fileEncoding = 4; lastKnownFileType = sourcecode.c.h; path = ASIDownloadCache.h; sourceTree = "<group>"; };
		5EC255AB16FF291A0045AB99 /* ASIDownloadCache.m */ = {isa = PBXFileReference; fileEncoding = 4; lastKnownFileType = sourcecode.c.objc; path = ASIDownloadCache.m; sourceTree = "<group>"; };
		5EC255AC16FF291A0045AB99 /* ASIFormDataRequest.h */ = {isa = PBXFileReference; fileEncoding = 4; lastKnownFileType = sourcecode.c.h; path = ASIFormDataRequest.h; sourceTree = "<group>"; };
		5EC255AD16FF291A0045AB99 /* ASIFormDataRequest.m */ = {isa = PBXFileReference; fileEncoding = 4; lastKnownFileType = sourcecode.c.objc; path = ASIFormDataRequest.m; sourceTree = "<group>"; };
		5EC255AE16FF291A0045AB99 /* ASIHTTPRequest.h */ = {isa = PBXFileReference; fileEncoding = 4; lastKnownFileType = sourcecode.c.h; path = ASIHTTPRequest.h; sourceTree = "<group>"; };
		5EC255AF16FF291A0045AB99 /* ASIHTTPRequest.m */ = {isa = PBXFileReference; fileEncoding = 4; lastKnownFileType = sourcecode.c.objc; path = ASIHTTPRequest.m; sourceTree = "<group>"; };
		5EC255B016FF291A0045AB99 /* ASIHTTPRequestConfig.h */ = {isa = PBXFileReference; fileEncoding = 4; lastKnownFileType = sourcecode.c.h; path = ASIHTTPRequestConfig.h; sourceTree = "<group>"; };
		5EC255B116FF291A0045AB99 /* ASIHTTPRequestDelegate.h */ = {isa = PBXFileReference; fileEncoding = 4; lastKnownFileType = sourcecode.c.h; path = ASIHTTPRequestDelegate.h; sourceTree = "<group>"; };
		5EC255B216FF291A0045AB99 /* ASIInputStream.h */ = {isa = PBXFileReference; fileEncoding = 4; lastKnownFileType = sourcecode.c.h; path = ASIInputStream.h; sourceTree = "<group>"; };
		5EC255B316FF291A0045AB99 /* ASIInputStream.m */ = {isa = PBXFileReference; fileEncoding = 4; lastKnownFileType = sourcecode.c.objc; path = ASIInputStream.m; sourceTree = "<group>"; };
		5EC255B416FF291A0045AB99 /* ASINetworkQueue.h */ = {isa = PBXFileReference; fileEncoding = 4; lastKnownFileType = sourcecode.c.h; path = ASINetworkQueue.h; sourceTree = "<group>"; };
		5EC255B516FF291A0045AB99 /* ASINetworkQueue.m */ = {isa = PBXFileReference; fileEncoding = 4; lastKnownFileType = sourcecode.c.objc; path = ASINetworkQueue.m; sourceTree = "<group>"; };
		5EC255B616FF291A0045AB99 /* ASIProgressDelegate.h */ = {isa = PBXFileReference; fileEncoding = 4; lastKnownFileType = sourcecode.c.h; path = ASIProgressDelegate.h; sourceTree = "<group>"; };
		5EC255C116FF49F20045AB99 /* Reachability.h */ = {isa = PBXFileReference; fileEncoding = 4; lastKnownFileType = sourcecode.c.h; path = Reachability.h; sourceTree = "<group>"; };
		5EC255C216FF49F20045AB99 /* Reachability.m */ = {isa = PBXFileReference; fileEncoding = 4; lastKnownFileType = sourcecode.c.objc; path = Reachability.m; sourceTree = "<group>"; };
		5EC255C416FF4C970045AB99 /* CFNetwork.framework */ = {isa = PBXFileReference; lastKnownFileType = wrapper.framework; name = CFNetwork.framework; path = System/Library/Frameworks/CFNetwork.framework; sourceTree = SDKROOT; };
		5EC255C616FF4CB20045AB99 /* MobileCoreServices.framework */ = {isa = PBXFileReference; lastKnownFileType = wrapper.framework; name = MobileCoreServices.framework; path = System/Library/Frameworks/MobileCoreServices.framework; sourceTree = SDKROOT; };
		5EC255C816FF4CBC0045AB99 /* SystemConfiguration.framework */ = {isa = PBXFileReference; lastKnownFileType = wrapper.framework; name = SystemConfiguration.framework; path = System/Library/Frameworks/SystemConfiguration.framework; sourceTree = SDKROOT; };
		5EC255D316FF95040045AB99 /* en */ = {isa = PBXFileReference; lastKnownFileType = text.plist.strings; name = en; path = en.lproj/Localizable.strings; sourceTree = "<group>"; };
		5EC255D516FF95CA0045AB99 /* el */ = {isa = PBXFileReference; lastKnownFileType = text.plist.strings; name = el; path = el.lproj/Localizable.strings; sourceTree = "<group>"; };
		5EC255D616FF95CA0045AB99 /* el */ = {isa = PBXFileReference; lastKnownFileType = text.plist.strings; name = el; path = el.lproj/InfoPlist.strings; sourceTree = "<group>"; };
		5EC255DD16FFB1BF0045AB99 /* DPHtmlContentViewController.h */ = {isa = PBXFileReference; fileEncoding = 4; lastKnownFileType = sourcecode.c.h; path = DPHtmlContentViewController.h; sourceTree = "<group>"; };
		5EC255DE16FFB1BF0045AB99 /* DPHtmlContentViewController.m */ = {isa = PBXFileReference; fileEncoding = 4; lastKnownFileType = sourcecode.c.objc; path = DPHtmlContentViewController.m; sourceTree = "<group>"; };
		5EC255E1170090A10045AB99 /* Article.h */ = {isa = PBXFileReference; fileEncoding = 4; lastKnownFileType = sourcecode.c.h; path = Article.h; sourceTree = "<group>"; };
		5EC255E2170090A10045AB99 /* Article.m */ = {isa = PBXFileReference; fileEncoding = 4; lastKnownFileType = sourcecode.c.objc; path = Article.m; sourceTree = "<group>"; };
		5EC255E3170090A10045AB99 /* ArticleParser.h */ = {isa = PBXFileReference; fileEncoding = 4; lastKnownFileType = sourcecode.c.h; path = ArticleParser.h; sourceTree = "<group>"; };
		5EC255E4170090A10045AB99 /* ArticleParser.m */ = {isa = PBXFileReference; fileEncoding = 4; lastKnownFileType = sourcecode.c.objc; path = ArticleParser.m; sourceTree = "<group>"; };
		5EC255EA1700AECF0045AB99 /* DPDataLoader.h */ = {isa = PBXFileReference; fileEncoding = 4; lastKnownFileType = sourcecode.c.h; path = DPDataLoader.h; sourceTree = "<group>"; };
		5EC255EB1700AECF0045AB99 /* DPDataLoader.m */ = {isa = PBXFileReference; fileEncoding = 4; lastKnownFileType = sourcecode.c.objc; path = DPDataLoader.m; sourceTree = "<group>"; };
		5EC255ED1700FEF60045AB99 /* DPCategoryViewController.h */ = {isa = PBXFileReference; fileEncoding = 4; lastKnownFileType = sourcecode.c.h; path = DPCategoryViewController.h; sourceTree = "<group>"; };
		5EC255EE1700FEF60045AB99 /* DPCategoryViewController.m */ = {isa = PBXFileReference; fileEncoding = 4; lastKnownFileType = sourcecode.c.objc; path = DPCategoryViewController.m; sourceTree = "<group>"; };
		5EC255F3170101540045AB99 /* DPPaidMainView.xib */ = {isa = PBXFileReference; fileEncoding = 4; lastKnownFileType = file.xib; path = DPPaidMainView.xib; sourceTree = "<group>"; };
		5EC255F4170101540045AB99 /* DPPaidRootView.xib */ = {isa = PBXFileReference; fileEncoding = 4; lastKnownFileType = file.xib; path = DPPaidRootView.xib; sourceTree = "<group>"; };
		5EC255F71701054A0045AB99 /* DPCategoryView.xib */ = {isa = PBXFileReference; fileEncoding = 4; lastKnownFileType = file.xib; path = DPCategoryView.xib; sourceTree = "<group>"; };
		5EC255F917010D610045AB99 /* DPScrollableViewDelegate.h */ = {isa = PBXFileReference; lastKnownFileType = sourcecode.c.h; path = DPScrollableViewDelegate.h; sourceTree = "<group>"; };
		5EC48CDA1714B7CF00A9566E /* testView.xib */ = {isa = PBXFileReference; fileEncoding = 4; lastKnownFileType = file.xib; path = testView.xib; sourceTree = "<group>"; };
		5EC48CDC1714BF7E00A9566E /* DPBuyContentViewController.h */ = {isa = PBXFileReference; fileEncoding = 4; lastKnownFileType = sourcecode.c.h; path = DPBuyContentViewController.h; sourceTree = "<group>"; };
		5EC48CDD1714BF7E00A9566E /* DPBuyContentViewController.m */ = {isa = PBXFileReference; fileEncoding = 4; lastKnownFileType = sourcecode.c.objc; path = DPBuyContentViewController.m; sourceTree = "<group>"; };
		5EC573931724862A000B7004 /* NextModel */ = {isa = PBXFileReference; lastKnownFileType = folder; path = NextModel; sourceTree = "<group>"; };
		5EC5739717255527000B7004 /* DPSocialManager.h */ = {isa = PBXFileReference; fileEncoding = 4; lastKnownFileType = sourcecode.c.h; name = DPSocialManager.h; path = DP/Classes/DPSocialManager.h; sourceTree = SOURCE_ROOT; };
		5EC5739817255527000B7004 /* DPSocialManager.m */ = {isa = PBXFileReference; fileEncoding = 4; lastKnownFileType = sourcecode.c.objc; name = DPSocialManager.m; path = DP/Classes/DPSocialManager.m; sourceTree = SOURCE_ROOT; };
		5EC5739A1725978C000B7004 /* DPNewNextViewController.h */ = {isa = PBXFileReference; fileEncoding = 4; lastKnownFileType = sourcecode.c.h; path = DPNewNextViewController.h; sourceTree = "<group>"; };
		5EC5739B1725978D000B7004 /* DPNewNextViewController.m */ = {isa = PBXFileReference; fileEncoding = 4; lastKnownFileType = sourcecode.c.objc; path = DPNewNextViewController.m; sourceTree = "<group>"; };
		5EC5739D172597A5000B7004 /* DPNewNextView.xib */ = {isa = PBXFileReference; fileEncoding = 4; lastKnownFileType = file.xib; path = DPNewNextView.xib; sourceTree = "<group>"; };
		5EC5739F17265B43000B7004 /* TabBar */ = {isa = PBXFileReference; lastKnownFileType = folder; path = TabBar; sourceTree = "<group>"; };
		5EC573AD1727AE48000B7004 /* MainMenu */ = {isa = PBXFileReference; lastKnownFileType = folder; path = MainMenu; sourceTree = "<group>"; };
		5EC573AF172ADEAA000B7004 /* HouseOverview.h */ = {isa = PBXFileReference; fileEncoding = 4; lastKnownFileType = sourcecode.c.h; path = HouseOverview.h; sourceTree = "<group>"; };
		5EC573B0172ADEAB000B7004 /* HouseOverview.m */ = {isa = PBXFileReference; fileEncoding = 4; lastKnownFileType = sourcecode.c.objc; path = HouseOverview.m; sourceTree = "<group>"; };
		5EC573B2172ADEF2000B7004 /* HouseOverviewParser.h */ = {isa = PBXFileReference; fileEncoding = 4; lastKnownFileType = sourcecode.c.h; path = HouseOverviewParser.h; sourceTree = "<group>"; };
		5EC573B3172ADEF3000B7004 /* HouseOverviewParser.m */ = {isa = PBXFileReference; fileEncoding = 4; lastKnownFileType = sourcecode.c.objc; path = HouseOverviewParser.m; sourceTree = "<group>"; };
		5EC573B5172ADF13000B7004 /* HouseOverviewLoader.h */ = {isa = PBXFileReference; fileEncoding = 4; lastKnownFileType = sourcecode.c.h; path = HouseOverviewLoader.h; sourceTree = "<group>"; };
		5EC573B6172ADF14000B7004 /* HouseOverviewLoader.m */ = {isa = PBXFileReference; fileEncoding = 4; lastKnownFileType = sourcecode.c.objc; path = HouseOverviewLoader.m; sourceTree = "<group>"; };
		5EC573B8172AE275000B7004 /* DPBaseDataElement.h */ = {isa = PBXFileReference; fileEncoding = 4; lastKnownFileType = sourcecode.c.h; path = DPBaseDataElement.h; sourceTree = "<group>"; };
		5EC573B9172AE277000B7004 /* DPBaseDataElement.m */ = {isa = PBXFileReference; fileEncoding = 4; lastKnownFileType = sourcecode.c.objc; path = DPBaseDataElement.m; sourceTree = "<group>"; };
		5ED20277171E9624006AC1FC /* iCarousel.h */ = {isa = PBXFileReference; fileEncoding = 4; lastKnownFileType = sourcecode.c.h; path = iCarousel.h; sourceTree = "<group>"; };
		5ED20278171E9624006AC1FC /* iCarousel.m */ = {isa = PBXFileReference; fileEncoding = 4; lastKnownFileType = sourcecode.c.objc; path = iCarousel.m; sourceTree = "<group>"; };
		5ED2027B171E99F7006AC1FC /* AsyncImageView.h */ = {isa = PBXFileReference; fileEncoding = 4; lastKnownFileType = sourcecode.c.h; path = AsyncImageView.h; sourceTree = "<group>"; };
		5ED2027C171E99F7006AC1FC /* AsyncImageView.m */ = {isa = PBXFileReference; fileEncoding = 4; lastKnownFileType = sourcecode.c.objc; path = AsyncImageView.m; sourceTree = "<group>"; };
		5ED2027F171EA757006AC1FC /* FXImageView.h */ = {isa = PBXFileReference; fileEncoding = 4; lastKnownFileType = sourcecode.c.h; path = FXImageView.h; sourceTree = "<group>"; };
		5ED20280171EA757006AC1FC /* FXImageView.m */ = {isa = PBXFileReference; fileEncoding = 4; lastKnownFileType = sourcecode.c.objc; path = FXImageView.m; sourceTree = "<group>"; };
		5ED20281171EA757006AC1FC /* UIImage+FX.h */ = {isa = PBXFileReference; fileEncoding = 4; lastKnownFileType = sourcecode.c.h; path = "UIImage+FX.h"; sourceTree = "<group>"; };
		5ED20282171EA757006AC1FC /* UIImage+FX.m */ = {isa = PBXFileReference; fileEncoding = 4; lastKnownFileType = sourcecode.c.objc; path = "UIImage+FX.m"; sourceTree = "<group>"; };
		5ED20285171F096E006AC1FC /* libz.1.2.5.dylib */ = {isa = PBXFileReference; lastKnownFileType = "compiled.mach-o.dylib"; name = libz.1.2.5.dylib; path = usr/lib/libz.1.2.5.dylib; sourceTree = SDKROOT; };
		5EDC4118172E8265002A3788 /* HIK_ImageNames.plist */ = {isa = PBXFileReference; fileEncoding = 4; lastKnownFileType = text.plist.xml; path = HIK_ImageNames.plist; sourceTree = "<group>"; };
		5EDC411A172EA04A002A3788 /* HouseInfo */ = {isa = PBXFileReference; lastKnownFileType = folder; path = HouseInfo; sourceTree = "<group>"; };
		5EDF0957170C9CBE00774682 /* Icon-72.png */ = {isa = PBXFileReference; lastKnownFileType = image.png; path = "Icon-72.png"; sourceTree = "<group>"; };
		5EDF0958170C9CBE00774682 /* Icon-72@2x.png */ = {isa = PBXFileReference; lastKnownFileType = image.png; path = "Icon-72@2x.png"; sourceTree = "<group>"; };
		5EDF0959170C9CBE00774682 /* Icon.png */ = {isa = PBXFileReference; lastKnownFileType = image.png; path = Icon.png; sourceTree = "<group>"; };
		5EDF095A170C9CBE00774682 /* Icon@2x.png */ = {isa = PBXFileReference; lastKnownFileType = image.png; path = "Icon@2x.png"; sourceTree = "<group>"; };
		5EE16DFE171C47D10006E1CE /* Carousel */ = {isa = PBXFileReference; lastKnownFileType = folder; path = Carousel; sourceTree = "<group>"; };
		5EF40840170DE9A100938AEE /* DPCardView.h */ = {isa = PBXFileReference; fileEncoding = 4; lastKnownFileType = sourcecode.c.h; path = DPCardView.h; sourceTree = "<group>"; };
		5EF40841170DE9A100938AEE /* DPCardView.m */ = {isa = PBXFileReference; fileEncoding = 4; lastKnownFileType = sourcecode.c.objc; path = DPCardView.m; sourceTree = "<group>"; };
		5EF40843170DE9B200938AEE /* DPAnimatedCardsView.h */ = {isa = PBXFileReference; fileEncoding = 4; lastKnownFileType = sourcecode.c.h; path = DPAnimatedCardsView.h; sourceTree = "<group>"; };
		5EF40844170DE9B200938AEE /* DPAnimatedCardsView.m */ = {isa = PBXFileReference; fileEncoding = 4; lastKnownFileType = sourcecode.c.objc; path = DPAnimatedCardsView.m; sourceTree = "<group>"; };
		5EFCCCF81709BE6C00C1FE88 /* DPDataCache.h */ = {isa = PBXFileReference; fileEncoding = 4; lastKnownFileType = sourcecode.c.h; path = DPDataCache.h; sourceTree = "<group>"; };
		5EFCCCF91709BE6C00C1FE88 /* DPDataCache.m */ = {isa = PBXFileReference; fileEncoding = 4; lastKnownFileType = sourcecode.c.objc; path = DPDataCache.m; sourceTree = "<group>"; };
		5EFCCCFB1709C37100C1FE88 /* DPDataElement.h */ = {isa = PBXFileReference; fileEncoding = 4; lastKnownFileType = sourcecode.c.h; path = DPDataElement.h; sourceTree = "<group>"; };
		5EFCCCFC1709C37100C1FE88 /* DPDataElement.m */ = {isa = PBXFileReference; fileEncoding = 4; lastKnownFileType = sourcecode.c.objc; path = DPDataElement.m; sourceTree = "<group>"; };
		5EFCCCFE1709DECA00C1FE88 /* Banner.h */ = {isa = PBXFileReference; fileEncoding = 4; lastKnownFileType = sourcecode.c.h; path = Banner.h; sourceTree = "<group>"; };
		5EFCCCFF1709DECA00C1FE88 /* Banner.m */ = {isa = PBXFileReference; fileEncoding = 4; lastKnownFileType = sourcecode.c.objc; path = Banner.m; sourceTree = "<group>"; };
		5EFCCD011709ECCE00C1FE88 /* BannerParser.h */ = {isa = PBXFileReference; fileEncoding = 4; lastKnownFileType = sourcecode.c.h; path = BannerParser.h; sourceTree = "<group>"; };
		5EFCCD021709ECCE00C1FE88 /* BannerParser.m */ = {isa = PBXFileReference; fileEncoding = 4; lastKnownFileType = sourcecode.c.objc; path = BannerParser.m; sourceTree = "<group>"; };
		5EFCCD041709EF6300C1FE88 /* DPBannersLoader.h */ = {isa = PBXFileReference; fileEncoding = 4; lastKnownFileType = sourcecode.c.h; path = DPBannersLoader.h; sourceTree = "<group>"; };
		5EFCCD051709EF6400C1FE88 /* DPBannersLoader.m */ = {isa = PBXFileReference; fileEncoding = 4; lastKnownFileType = sourcecode.c.objc; path = DPBannersLoader.m; sourceTree = "<group>"; };
		5EFCCD071709F10700C1FE88 /* Category.h */ = {isa = PBXFileReference; fileEncoding = 4; lastKnownFileType = sourcecode.c.h; path = Category.h; sourceTree = "<group>"; };
		5EFCCD081709F10700C1FE88 /* Category.m */ = {isa = PBXFileReference; fileEncoding = 4; lastKnownFileType = sourcecode.c.objc; path = Category.m; sourceTree = "<group>"; };
		5EFCCD0A1709F2ED00C1FE88 /* CategoryParser.h */ = {isa = PBXFileReference; fileEncoding = 4; lastKnownFileType = sourcecode.c.h; path = CategoryParser.h; sourceTree = "<group>"; };
		5EFCCD0B1709F2ED00C1FE88 /* CategoryParser.m */ = {isa = PBXFileReference; fileEncoding = 4; lastKnownFileType = sourcecode.c.objc; path = CategoryParser.m; sourceTree = "<group>"; };
		5EFCCD0D1709F30600C1FE88 /* DPCategoryLoader.h */ = {isa = PBXFileReference; fileEncoding = 4; lastKnownFileType = sourcecode.c.h; path = DPCategoryLoader.h; sourceTree = "<group>"; };
		5EFCCD0E1709F30700C1FE88 /* DPCategoryLoader.m */ = {isa = PBXFileReference; fileEncoding = 4; lastKnownFileType = sourcecode.c.objc; path = DPCategoryLoader.m; sourceTree = "<group>"; };
		5EFCCD1A170ADF0E00C1FE88 /* free-details.plist */ = {isa = PBXFileReference; fileEncoding = 4; lastKnownFileType = text.plist.xml; path = "free-details.plist"; sourceTree = "<group>"; };
		5EFCCD34170B18BC00C1FE88 /* free-Buy.plist */ = {isa = PBXFileReference; fileEncoding = 4; lastKnownFileType = text.plist.xml; path = "free-Buy.plist"; sourceTree = "<group>"; };
		5EFCCD36170B26D200C1FE88 /* free-CoverFlow.plist */ = {isa = PBXFileReference; fileEncoding = 4; lastKnownFileType = text.plist.xml; path = "free-CoverFlow.plist"; sourceTree = "<group>"; };
		5EFCCD38170B469900C1FE88 /* paid-MainMenu.plist */ = {isa = PBXFileReference; fileEncoding = 4; lastKnownFileType = text.plist.xml; path = "paid-MainMenu.plist"; sourceTree = "<group>"; };
		5EFCCD3A170B48DC00C1FE88 /* paid-Islands.plist */ = {isa = PBXFileReference; fileEncoding = 4; lastKnownFileType = text.plist.xml; path = "paid-Islands.plist"; sourceTree = "<group>"; };
		5EFCCD3C170B4BF400C1FE88 /* paid-Exclusive.plist */ = {isa = PBXFileReference; fileEncoding = 4; lastKnownFileType = text.plist.xml; path = "paid-Exclusive.plist"; sourceTree = "<group>"; };
		5EFCCD3E170B520100C1FE88 /* rootCategories.plist */ = {isa = PBXFileReference; fileEncoding = 4; lastKnownFileType = text.plist.xml; path = rootCategories.plist; sourceTree = "<group>"; };
/* End PBXFileReference section */

/* Begin PBXFrameworksBuildPhase section */
		5E71A3B116F9973500E7AFF9 /* Frameworks */ = {
			isa = PBXFrameworksBuildPhase;
			buildActionMask = 2147483647;
			files = (
				5E31F0431720574E008B15F0 /* Twitter.framework in Frameworks */,
				5E31F041172045E0008B15F0 /* MessageUI.framework in Frameworks */,
				5E31F02C171FFDAD008B15F0 /* Accounts.framework in Frameworks */,
				5E31F02D171FFDAD008B15F0 /* AdSupport.framework in Frameworks */,
				5E31F02E171FFDAD008B15F0 /* Social.framework in Frameworks */,
				5ED20286171F096E006AC1FC /* libz.1.2.5.dylib in Frameworks */,
				5EC20D0D171D5D81006E03B7 /* AudioToolbox.framework in Frameworks */,
				5E4E8527171227C2005DAD06 /* CoreText.framework in Frameworks */,
				5E486C5D170260980040F165 /* MediaPlayer.framework in Frameworks */,
				5EC255C916FF4CBD0045AB99 /* SystemConfiguration.framework in Frameworks */,
				5EC255C716FF4CB30045AB99 /* MobileCoreServices.framework in Frameworks */,
				5EC255C516FF4C980045AB99 /* CFNetwork.framework in Frameworks */,
				5EC2557F16FC6E480045AB99 /* StoreKit.framework in Frameworks */,
				5E71A3F016F99A0500E7AFF9 /* QuartzCore.framework in Frameworks */,
				5E71A3B816F9973500E7AFF9 /* UIKit.framework in Frameworks */,
				5E71A3BA16F9973500E7AFF9 /* Foundation.framework in Frameworks */,
				5E71A3BC16F9973500E7AFF9 /* CoreGraphics.framework in Frameworks */,
				5E31F026171FFCBB008B15F0 /* FacebookSDK.framework in Frameworks */,
			);
			runOnlyForDeploymentPostprocessing = 0;
		};
/* End PBXFrameworksBuildPhase section */

/* Begin PBXGroup section */
		5E31F02F17200EA3008B15F0 /* Social */ = {
			isa = PBXGroup;
			children = (
				5E31F03017200F07008B15F0 /* DPFBLoginViewController.h */,
				5E31F03117200F07008B15F0 /* DPFBLoginViewController.m */,
				5E31F038172021C3008B15F0 /* DPFacebookViewController.h */,
				5E31F039172021C3008B15F0 /* DPFacebookViewController.m */,
				5E31F04717205AC0008B15F0 /* DPSocialViewController.h */,
				5E31F04817205AC0008B15F0 /* DPSocialViewController.m */,
			);
			path = Social;
			sourceTree = "<group>";
		};
		5E31F03317200FFA008B15F0 /* SocialViews */ = {
			isa = PBXGroup;
			children = (
				5E31F03617201073008B15F0 /* DPFBLoginView.xib */,
				5E31F03B172021DB008B15F0 /* DPFacebookView.xib */,
				5E31F04A17205AD8008B15F0 /* DPSocialView.xib */,
				5EC5739717255527000B7004 /* DPSocialManager.h */,
				5EC5739817255527000B7004 /* DPSocialManager.m */,
			);
			path = SocialViews;
			sourceTree = "<group>";
		};
		5E3D9B9417044CB400208D7B /* FPPopover */ = {
			isa = PBXGroup;
			children = (
				5E3D9B9517044CB400208D7B /* ARCMacros.h */,
				5E3D9B9617044CB400208D7B /* FPPopoverController.h */,
				5E3D9B9717044CB400208D7B /* FPPopoverController.m */,
				5E3D9B9817044CB400208D7B /* FPPopoverView.h */,
				5E3D9B9917044CB400208D7B /* FPPopoverView.m */,
				5E3D9B9A17044CB400208D7B /* FPTouchView.h */,
				5E3D9B9B17044CB400208D7B /* FPTouchView.m */,
			);
			path = FPPopover;
			sourceTree = "<group>";
		};
		5E486C5817025FBC0040F165 /* YTVimeoExtractor */ = {
			isa = PBXGroup;
			children = (
				5E486C5917025FBC0040F165 /* YTVimeoExtractor.h */,
				5E486C5A17025FBC0040F165 /* YTVimeoExtractor.m */,
			);
			path = YTVimeoExtractor;
			sourceTree = "<group>";
		};
		5E71A3AB16F9973500E7AFF9 = {
			isa = PBXGroup;
			children = (
				5E71A3BD16F9973500E7AFF9 /* DP */,
				5E71A3B616F9973500E7AFF9 /* Frameworks */,
				5E71A3B516F9973500E7AFF9 /* Products */,
			);
			sourceTree = "<group>";
		};
		5E71A3B516F9973500E7AFF9 /* Products */ = {
			isa = PBXGroup;
			children = (
				5E71A3B416F9973500E7AFF9 /* energyVillas.app */,
			);
			name = Products;
			sourceTree = "<group>";
		};
		5E71A3B616F9973500E7AFF9 /* Frameworks */ = {
			isa = PBXGroup;
			children = (
				5ED20285171F096E006AC1FC /* libz.1.2.5.dylib */,
				5E31F027171FFD54008B15F0 /* FacebookSDKResources.bundle */,
				5E31F029171FFDAD008B15F0 /* Accounts.framework */,
				5E31F02A171FFDAD008B15F0 /* AdSupport.framework */,
				5EC20D0C171D5D81006E03B7 /* AudioToolbox.framework */,
				5EC255C416FF4C970045AB99 /* CFNetwork.framework */,
				5E71A3BB16F9973500E7AFF9 /* CoreGraphics.framework */,
				5E4E8526171227BF005DAD06 /* CoreText.framework */,
				5E31F025171FFCBB008B15F0 /* FacebookSDK.framework */,
				5E71A3B916F9973500E7AFF9 /* Foundation.framework */,
				5E486C5C170260980040F165 /* MediaPlayer.framework */,
				5E31F040172045E0008B15F0 /* MessageUI.framework */,
				5EC255C616FF4CB20045AB99 /* MobileCoreServices.framework */,
				5E71A3EF16F99A0500E7AFF9 /* QuartzCore.framework */,
				5E31F02B171FFDAD008B15F0 /* Social.framework */,
				5EC2557E16FC6E480045AB99 /* StoreKit.framework */,
				5EC255C816FF4CBC0045AB99 /* SystemConfiguration.framework */,
				5E31F0421720574E008B15F0 /* Twitter.framework */,
				5E71A3B716F9973500E7AFF9 /* UIKit.framework */,
			);
			name = Frameworks;
			sourceTree = "<group>";
		};
		5E71A3BD16F9973500E7AFF9 /* DP */ = {
			isa = PBXGroup;
			children = (
				5E71A3C616F9973500E7AFF9 /* DPAppDelegate.h */,
				5E71A3C716F9973500E7AFF9 /* DPAppDelegate.m */,
				5EC2558816FC76FC0045AB99 /* ControllersPaid */,
				5EC255F2170101510045AB99 /* ViewsPaid */,
				5E71A3F116F99AB500E7AFF9 /* Controllers */,
				5E71A3F516F99BAD00E7AFF9 /* Views */,
				5E31F02F17200EA3008B15F0 /* Social */,
				5E31F03317200FFA008B15F0 /* SocialViews */,
				5EC255E01700909E0045AB99 /* Models */,
				5E71A3D416F998D500E7AFF9 /* Classes */,
				5E71A3D816F9991000E7AFF9 /* External */,
				5E71A3FF16F9B5F900E7AFF9 /* Resources */,
				5E71A3BE16F9973500E7AFF9 /* Supporting Files */,
			);
			path = DP;
			sourceTree = "<group>";
		};
		5E71A3BE16F9973500E7AFF9 /* Supporting Files */ = {
			isa = PBXGroup;
			children = (
				5E71A3BF16F9973500E7AFF9 /* energyVillas-Info.plist */,
				5E71A3C016F9973500E7AFF9 /* InfoPlist.strings */,
				5EC255D416FF95040045AB99 /* Localizable.strings */,
				5E71A3C316F9973500E7AFF9 /* main.m */,
				5E71A3C516F9973500E7AFF9 /* energyVillas-Prefix.pch */,
				5E71A3C916F9973500E7AFF9 /* Default.png */,
				5E71A3CB16F9973500E7AFF9 /* Default@2x.png */,
				5E71A3CD16F9973500E7AFF9 /* Default-568h@2x.png */,
			);
			name = "Supporting Files";
			sourceTree = "<group>";
		};
		5E71A3D416F998D500E7AFF9 /* Classes */ = {
			isa = PBXGroup;
			children = (
				5E3605151707BDD800DB7B20 /* UIApplication+ScreenDimensions.h */,
				5E3605161707BDD900DB7B20 /* UIApplication+ScreenDimensions.m */,
				5E71A3D516F998D500E7AFF9 /* UINavContentViewController.h */,
				5E71A3D616F998D500E7AFF9 /* UINavContentViewController.m */,
				5EC2559F16FF1DD60045AB99 /* DPImageContentViewController.h */,
				5EC255A016FF1DD70045AB99 /* DPImageContentViewController.m */,
				5EC255DD16FFB1BF0045AB99 /* DPHtmlContentViewController.h */,
				5EC255DE16FFB1BF0045AB99 /* DPHtmlContentViewController.m */,
				5EC2559916FCC7310045AB99 /* DPScrollableViewController.h */,
				5EC2559A16FCC7310045AB99 /* DPScrollableViewController.m */,
				5EC255F917010D610045AB99 /* DPScrollableViewDelegate.h */,
				5EF40843170DE9B200938AEE /* DPAnimatedCardsView.h */,
				5EF40844170DE9B200938AEE /* DPAnimatedCardsView.m */,
				5EF40840170DE9A100938AEE /* DPCardView.h */,
				5EF40841170DE9A100938AEE /* DPCardView.m */,
				5EC2557B16FC64400045AB99 /* DPImageInfo.h */,
				5EC2557C16FC64400045AB99 /* DPImageInfo.m */,
				5EC2558516FC73430045AB99 /* DPIAPHelper.h */,
				5EC2558616FC73430045AB99 /* DPIAPHelper.m */,
				5E486C55170214D90040F165 /* DPConstants.h */,
				5E486C56170214D90040F165 /* DPConstants.m */,
				5E486C5E170264D50040F165 /* DPVimeoPlayerViewController.h */,
				5E486C5F170264D50040F165 /* DPVimeoPlayerViewController.m */,
				5E3605001707154E00DB7B20 /* DPAppHelper.h */,
				5E3605011707154E00DB7B20 /* DPAppHelper.m */,
				5E8AB0CA171706D1004AFE76 /* UIImage+Retina4.h */,
				5E8AB0CB171706D1004AFE76 /* UIImage+Retina4.m */,
				5E31F03D17203B40008B15F0 /* DPMailHelper.h */,
				5E31F03E17203B40008B15F0 /* DPMailHelper.m */,
			);
			path = Classes;
			sourceTree = "<group>";
		};
		5E71A3D816F9991000E7AFF9 /* External */ = {
			isa = PBXGroup;
			children = (
				5ED20276171E9624006AC1FC /* iCarousel */,
				5ED2027A171E99F7006AC1FC /* AsyncImageView */,
				5ED2027E171EA757006AC1FC /* FXImageView */,
				5EC255A216FF29190045AB99 /* ASIHttpRequest */,
				5EC2558116FC71BD0045AB99 /* IAPHelper */,
				5E71A3D916F9991000E7AFF9 /* Components */,
				5E3D9B9417044CB400208D7B /* FPPopover */,
				5E71A3DC16F9991000E7AFF9 /* ImageHelper */,
				5E71A3DF16F9991000E7AFF9 /* OpenFlow */,
				5EC255C016FF49F20045AB99 /* Reachability */,
				5E486C5817025FBC0040F165 /* YTVimeoExtractor */,
			);
			path = External;
			sourceTree = "<group>";
		};
		5E71A3D916F9991000E7AFF9 /* Components */ = {
			isa = PBXGroup;
			children = (
				5E71A3DA16F9991000E7AFF9 /* CustomMenuBarItem.h */,
				5E71A3DB16F9991000E7AFF9 /* CustomMenuBarItem.m */,
			);
			path = Components;
			sourceTree = "<group>";
		};
		5E71A3DC16F9991000E7AFF9 /* ImageHelper */ = {
			isa = PBXGroup;
			children = (
				5E71A3DD16F9991000E7AFF9 /* ImageResizing.h */,
				5E71A3DE16F9991000E7AFF9 /* ImageResizing.m */,
			);
			path = ImageHelper;
			sourceTree = "<group>";
		};
		5E71A3DF16F9991000E7AFF9 /* OpenFlow */ = {
			isa = PBXGroup;
			children = (
				5E71A3E016F9991000E7AFF9 /* AFItemView.h */,
				5E71A3E116F9991000E7AFF9 /* AFItemView.m */,
				5E71A3E216F9991000E7AFF9 /* AFOpenFlowConstants.h */,
				5E71A3E316F9991000E7AFF9 /* AFOpenFlowView.h */,
				5E71A3E416F9991000E7AFF9 /* AFOpenFlowView.m */,
				5E71A3E516F9991000E7AFF9 /* AFUIImageReflection.h */,
				5E71A3E616F9991000E7AFF9 /* AFUIImageReflection.m */,
				5E71A3E716F9991000E7AFF9 /* UIImageExtras.h */,
				5E71A3E816F9991000E7AFF9 /* UIImageExtras.m */,
			);
			path = OpenFlow;
			sourceTree = "<group>";
		};
		5E71A3F116F99AB500E7AFF9 /* Controllers */ = {
			isa = PBXGroup;
			children = (
				5E71A3F216F99ADB00E7AFF9 /* DPMainViewController.h */,
				5E71A3F316F99ADB00E7AFF9 /* DPMainViewController.m */,
				5E71A3FA16F99DC400E7AFF9 /* DPRootViewController.h */,
				5E71A3FB16F99DC400E7AFF9 /* DPRootViewController.m */,
				5E9ABBDC16F9F3CA000EAB46 /* DPTestViewController.h */,
				5E9ABBDD16F9F3CA000EAB46 /* DPTestViewController.m */,
				5EC2559C16FCD18C0045AB99 /* DPCtgScrollViewController.h */,
				5EC2559D16FCD18C0045AB99 /* DPCtgScrollViewController.m */,
				5E3605101707A72400DB7B20 /* DPBuyViewController.h */,
				5E3605111707A72400DB7B20 /* DPBuyViewController.m */,
				5E4E851817109D38005DAD06 /* DPCategoriesViewController.h */,
				5E4E851917109D38005DAD06 /* DPCategoriesViewController.m */,
				5EC48CDC1714BF7E00A9566E /* DPBuyContentViewController.h */,
				5EC48CDD1714BF7E00A9566E /* DPBuyContentViewController.m */,
				5EC20D0E171DAD0E006E03B7 /* DPCarouselViewController.h */,
				5EC20D0F171DAD0F006E03B7 /* DPCarouselViewController.m */,
			);
			path = Controllers;
			sourceTree = "<group>";
		};
		5E71A3F516F99BAD00E7AFF9 /* Views */ = {
			isa = PBXGroup;
			children = (
				5E71A3F816F99C9500E7AFF9 /* DPMainView.xib */,
				5E71A3FD16F99DD900E7AFF9 /* DPRootView.xib */,
				5E9ABBDF16F9F3E2000EAB46 /* DPTestView.xib */,
				5E3605131707A74300DB7B20 /* DPBuyView.xib */,
				5EC48CDA1714B7CF00A9566E /* testView.xib */,
			);
			path = Views;
			sourceTree = "<group>";
		};
		5E71A3FF16F9B5F900E7AFF9 /* Resources */ = {
			isa = PBXGroup;
			children = (
				5E869E0C173010EA00516D2D /* FreeImages */,
				5EC20D0A171D56D6006E03B7 /* Videos */,
				5EC20D06171D3594006E03B7 /* BuyDialogImages */,
				5EE16DFE171C47D10006E1CE /* Carousel */,
				5E4E85121710356A005DAD06 /* Background */,
				5E03E922171578FB00F0C6F3 /* BuyDialog */,
				5EDF0956170C9CBE00774682 /* Icons */,
				5EDC411A172EA04A002A3788 /* HouseInfo */,
				5E4E8514171059AA005DAD06 /* Navbar */,
				5E5F949E17213BF5006C9A88 /* Social */,
				5EC573AD1727AE48000B7004 /* MainMenu */,
				5EC573931724862A000B7004 /* NextModel */,
				5EC5739F17265B43000B7004 /* TabBar */,
				5E36051F1708438F00DB7B20 /* close.png */,
				5E3605201708438F00DB7B20 /* close@2x.png */,
				5EFCCD1A170ADF0E00C1FE88 /* free-details.plist */,
				5EFCCD34170B18BC00C1FE88 /* free-Buy.plist */,
				5EFCCD36170B26D200C1FE88 /* free-CoverFlow.plist */,
				5EFCCD38170B469900C1FE88 /* paid-MainMenu.plist */,
				5EFCCD3A170B48DC00C1FE88 /* paid-Islands.plist */,
				5EFCCD3C170B4BF400C1FE88 /* paid-Exclusive.plist */,
				5EFCCD3E170B520100C1FE88 /* rootCategories.plist */,
				5EDC4118172E8265002A3788 /* HIK_ImageNames.plist */,
			);
			path = Resources;
			sourceTree = "<group>";
		};
		5EC2558116FC71BD0045AB99 /* IAPHelper */ = {
			isa = PBXGroup;
			children = (
				5EC2558216FC71BD0045AB99 /* IAPHelper.h */,
				5EC2558316FC71BD0045AB99 /* IAPHelper.m */,
			);
			path = IAPHelper;
			sourceTree = "<group>";
		};
		5EC2558816FC76FC0045AB99 /* ControllersPaid */ = {
			isa = PBXGroup;
			children = (
				5EC2559216FC7A070045AB99 /* DPPaidMainViewController.h */,
				5EC2559316FC7A070045AB99 /* DPPaidMainViewController.m */,
				5EC2558F16FC79E10045AB99 /* DPPaidRootViewController.h */,
				5EC2559016FC79E10045AB99 /* DPPaidRootViewController.m */,
				5EC255ED1700FEF60045AB99 /* DPCategoryViewController.h */,
				5EC255EE1700FEF60045AB99 /* DPCategoryViewController.m */,
				5E3605271708B5B600DB7B20 /* DPFloatingViewController.h */,
				5E3605281708B5B600DB7B20 /* DPFloatingViewController.m */,
				5E36052C1708C83300DB7B20 /* DPAdsViewController.h */,
				5E36052D1708C83400DB7B20 /* DPAdsViewController.m */,
				5E0C7651170F32E200F572A0 /* DPMenuViewController.h */,
				5E0C7652170F32E200F572A0 /* DPMenuViewController.m */,
				5E4E851B1711E4FF005DAD06 /* DPSubCategoryViewController.h */,
				5E4E851C1711E500005DAD06 /* DPSubCategoryViewController.m */,
				5E4E85201711F947005DAD06 /* DPAnimatedScrollViewController.h */,
				5E4E85211711F947005DAD06 /* DPAnimatedScrollViewController.m */,
				5EC5739A1725978C000B7004 /* DPNewNextViewController.h */,
				5EC5739B1725978D000B7004 /* DPNewNextViewController.m */,
			);
			path = ControllersPaid;
			sourceTree = "<group>";
		};
		5EC255A216FF29190045AB99 /* ASIHttpRequest */ = {
			isa = PBXGroup;
			children = (
				5EC255A316FF291A0045AB99 /* ASIAuthenticationDialog.h */,
				5EC255A416FF291A0045AB99 /* ASIAuthenticationDialog.m */,
				5EC255A516FF291A0045AB99 /* ASICacheDelegate.h */,
				5EC255A616FF291A0045AB99 /* ASIDataCompressor.h */,
				5EC255A716FF291A0045AB99 /* ASIDataCompressor.m */,
				5EC255A816FF291A0045AB99 /* ASIDataDecompressor.h */,
				5EC255A916FF291A0045AB99 /* ASIDataDecompressor.m */,
				5EC255AA16FF291A0045AB99 /* ASIDownloadCache.h */,
				5EC255AB16FF291A0045AB99 /* ASIDownloadCache.m */,
				5EC255AC16FF291A0045AB99 /* ASIFormDataRequest.h */,
				5EC255AD16FF291A0045AB99 /* ASIFormDataRequest.m */,
				5EC255AE16FF291A0045AB99 /* ASIHTTPRequest.h */,
				5EC255AF16FF291A0045AB99 /* ASIHTTPRequest.m */,
				5EC255B016FF291A0045AB99 /* ASIHTTPRequestConfig.h */,
				5EC255B116FF291A0045AB99 /* ASIHTTPRequestDelegate.h */,
				5EC255B216FF291A0045AB99 /* ASIInputStream.h */,
				5EC255B316FF291A0045AB99 /* ASIInputStream.m */,
				5EC255B416FF291A0045AB99 /* ASINetworkQueue.h */,
				5EC255B516FF291A0045AB99 /* ASINetworkQueue.m */,
				5EC255B616FF291A0045AB99 /* ASIProgressDelegate.h */,
			);
			path = ASIHttpRequest;
			sourceTree = "<group>";
		};
		5EC255C016FF49F20045AB99 /* Reachability */ = {
			isa = PBXGroup;
			children = (
				5EC255C116FF49F20045AB99 /* Reachability.h */,
				5EC255C216FF49F20045AB99 /* Reachability.m */,
			);
			path = Reachability;
			sourceTree = "<group>";
		};
		5EC255E01700909E0045AB99 /* Models */ = {
			isa = PBXGroup;
			children = (
				5EC255E1170090A10045AB99 /* Article.h */,
				5EC255E2170090A10045AB99 /* Article.m */,
				5EC255E3170090A10045AB99 /* ArticleParser.h */,
				5EC255E4170090A10045AB99 /* ArticleParser.m */,
				5E36052F1708C91C00DB7B20 /* DPArticlesLoader.h */,
				5E3605301708C91C00DB7B20 /* DPArticlesLoader.m */,
				5EC255EA1700AECF0045AB99 /* DPDataLoader.h */,
				5EC255EB1700AECF0045AB99 /* DPDataLoader.m */,
				5EFCCCF81709BE6C00C1FE88 /* DPDataCache.h */,
				5EFCCCF91709BE6C00C1FE88 /* DPDataCache.m */,
				5EC573B8172AE275000B7004 /* DPBaseDataElement.h */,
				5EC573B9172AE277000B7004 /* DPBaseDataElement.m */,
				5EFCCCFB1709C37100C1FE88 /* DPDataElement.h */,
				5EFCCCFC1709C37100C1FE88 /* DPDataElement.m */,
				5EFCCCFE1709DECA00C1FE88 /* Banner.h */,
				5EFCCCFF1709DECA00C1FE88 /* Banner.m */,
				5EFCCD011709ECCE00C1FE88 /* BannerParser.h */,
				5EFCCD021709ECCE00C1FE88 /* BannerParser.m */,
				5EFCCD041709EF6300C1FE88 /* DPBannersLoader.h */,
				5EFCCD051709EF6400C1FE88 /* DPBannersLoader.m */,
				5EFCCD071709F10700C1FE88 /* Category.h */,
				5EFCCD081709F10700C1FE88 /* Category.m */,
				5EFCCD0A1709F2ED00C1FE88 /* CategoryParser.h */,
				5EFCCD0B1709F2ED00C1FE88 /* CategoryParser.m */,
				5EFCCD0D1709F30600C1FE88 /* DPCategoryLoader.h */,
				5EFCCD0E1709F30700C1FE88 /* DPCategoryLoader.m */,
				5EC573AF172ADEAA000B7004 /* HouseOverview.h */,
				5EC573B0172ADEAB000B7004 /* HouseOverview.m */,
				5EC573B2172ADEF2000B7004 /* HouseOverviewParser.h */,
				5EC573B3172ADEF3000B7004 /* HouseOverviewParser.m */,
				5EC573B5172ADF13000B7004 /* HouseOverviewLoader.h */,
				5EC573B6172ADF14000B7004 /* HouseOverviewLoader.m */,
			);
			path = Models;
			sourceTree = "<group>";
		};
		5EC255F2170101510045AB99 /* ViewsPaid */ = {
			isa = PBXGroup;
			children = (
				5EC255F3170101540045AB99 /* DPPaidMainView.xib */,
				5EC255F4170101540045AB99 /* DPPaidRootView.xib */,
				5EC255F71701054A0045AB99 /* DPCategoryView.xib */,
				5E36052A1708B5E300DB7B20 /* DPFloatingView.xib */,
				5E4E851E1711E542005DAD06 /* DPSubCategoryView.xib */,
				5EC5739D172597A5000B7004 /* DPNewNextView.xib */,
			);
			path = ViewsPaid;
			sourceTree = "<group>";
		};
		5ED20276171E9624006AC1FC /* iCarousel */ = {
			isa = PBXGroup;
			children = (
				5ED20277171E9624006AC1FC /* iCarousel.h */,
				5ED20278171E9624006AC1FC /* iCarousel.m */,
			);
			path = iCarousel;
			sourceTree = "<group>";
		};
		5ED2027A171E99F7006AC1FC /* AsyncImageView */ = {
			isa = PBXGroup;
			children = (
				5ED2027B171E99F7006AC1FC /* AsyncImageView.h */,
				5ED2027C171E99F7006AC1FC /* AsyncImageView.m */,
			);
			path = AsyncImageView;
			sourceTree = "<group>";
		};
		5ED2027E171EA757006AC1FC /* FXImageView */ = {
			isa = PBXGroup;
			children = (
				5ED2027F171EA757006AC1FC /* FXImageView.h */,
				5ED20280171EA757006AC1FC /* FXImageView.m */,
				5ED20281171EA757006AC1FC /* UIImage+FX.h */,
				5ED20282171EA757006AC1FC /* UIImage+FX.m */,
			);
			path = FXImageView;
			sourceTree = "<group>";
		};
		5EDF0956170C9CBE00774682 /* Icons */ = {
			isa = PBXGroup;
			children = (
				5EDF0957170C9CBE00774682 /* Icon-72.png */,
				5EDF0958170C9CBE00774682 /* Icon-72@2x.png */,
				5EDF0959170C9CBE00774682 /* Icon.png */,
				5EDF095A170C9CBE00774682 /* Icon@2x.png */,
			);
			path = Icons;
			sourceTree = "<group>";
		};
/* End PBXGroup section */

/* Begin PBXNativeTarget section */
		5E71A3B316F9973500E7AFF9 /* energyVillas */ = {
			isa = PBXNativeTarget;
			buildConfigurationList = 5E71A3D116F9973500E7AFF9 /* Build configuration list for PBXNativeTarget "energyVillas" */;
			buildPhases = (
				5E71A3B016F9973500E7AFF9 /* Sources */,
				5E71A3B116F9973500E7AFF9 /* Frameworks */,
				5E71A3B216F9973500E7AFF9 /* Resources */,
			);
			buildRules = (
			);
			dependencies = (
			);
			name = energyVillas;
			productName = DP;
			productReference = 5E71A3B416F9973500E7AFF9 /* energyVillas.app */;
			productType = "com.apple.product-type.application";
		};
/* End PBXNativeTarget section */

/* Begin PBXProject section */
		5E71A3AC16F9973500E7AFF9 /* Project object */ = {
			isa = PBXProject;
			attributes = {
				CLASSPREFIX = DP;
				LastUpgradeCheck = 0460;
				ORGANIZATIONNAME = "Γεώργιος Γράβος";
			};
			buildConfigurationList = 5E71A3AF16F9973500E7AFF9 /* Build configuration list for PBXProject "energyVillas" */;
			compatibilityVersion = "Xcode 3.2";
			developmentRegion = English;
			hasScannedForEncodings = 0;
			knownRegions = (
				en,
				el,
			);
			mainGroup = 5E71A3AB16F9973500E7AFF9;
			productRefGroup = 5E71A3B516F9973500E7AFF9 /* Products */;
			projectDirPath = "";
			projectRoot = "";
			targets = (
				5E71A3B316F9973500E7AFF9 /* energyVillas */,
			);
		};
/* End PBXProject section */

/* Begin PBXResourcesBuildPhase section */
		5E71A3B216F9973500E7AFF9 /* Resources */ = {
			isa = PBXResourcesBuildPhase;
			buildActionMask = 2147483647;
			files = (
				5E71A3C216F9973500E7AFF9 /* InfoPlist.strings in Resources */,
				5E71A3CA16F9973500E7AFF9 /* Default.png in Resources */,
				5E71A3CC16F9973500E7AFF9 /* Default@2x.png in Resources */,
				5E71A3CE16F9973500E7AFF9 /* Default-568h@2x.png in Resources */,
				5E71A3F916F99C9500E7AFF9 /* DPMainView.xib in Resources */,
				5E71A3FE16F99DD900E7AFF9 /* DPRootView.xib in Resources */,
				5E9ABBE016F9F3E2000EAB46 /* DPTestView.xib in Resources */,
				5EC255D216FF95040045AB99 /* Localizable.strings in Resources */,
				5EC255F5170101540045AB99 /* DPPaidMainView.xib in Resources */,
				5EC255F6170101540045AB99 /* DPPaidRootView.xib in Resources */,
				5EC255F81701054A0045AB99 /* DPCategoryView.xib in Resources */,
				5E3605141707A74300DB7B20 /* DPBuyView.xib in Resources */,
				5E3605211708438F00DB7B20 /* close.png in Resources */,
				5E3605221708438F00DB7B20 /* close@2x.png in Resources */,
				5E36052B1708B5E300DB7B20 /* DPFloatingView.xib in Resources */,
				5EFCCD1B170ADF0E00C1FE88 /* free-details.plist in Resources */,
				5EFCCD35170B18BC00C1FE88 /* free-Buy.plist in Resources */,
				5EFCCD37170B26D300C1FE88 /* free-CoverFlow.plist in Resources */,
				5EFCCD39170B469900C1FE88 /* paid-MainMenu.plist in Resources */,
				5EFCCD3B170B48DC00C1FE88 /* paid-Islands.plist in Resources */,
				5EFCCD3D170B4BF400C1FE88 /* paid-Exclusive.plist in Resources */,
				5EFCCD3F170B520100C1FE88 /* rootCategories.plist in Resources */,
				5EDF095B170C9CBE00774682 /* Icon-72.png in Resources */,
				5EDF095C170C9CBE00774682 /* Icon-72@2x.png in Resources */,
				5EDF095D170C9CBE00774682 /* Icon.png in Resources */,
				5EDF095E170C9CBE00774682 /* Icon@2x.png in Resources */,
				5E4E85131710356A005DAD06 /* Background in Resources */,
				5E4E8515171059AA005DAD06 /* Navbar in Resources */,
				5E4E851F1711E542005DAD06 /* DPSubCategoryView.xib in Resources */,
				5EC48CDB1714B7CF00A9566E /* testView.xib in Resources */,
				5E03E923171578FB00F0C6F3 /* BuyDialog in Resources */,
				5EE16DFF171C47D10006E1CE /* Carousel in Resources */,
				5EC20D07171D3594006E03B7 /* BuyDialogImages in Resources */,
				5EC20D0B171D56D6006E03B7 /* Videos in Resources */,
				5E31F028171FFD54008B15F0 /* FacebookSDKResources.bundle in Resources */,
				5E31F03717201073008B15F0 /* DPFBLoginView.xib in Resources */,
				5E31F03C172021DB008B15F0 /* DPFacebookView.xib in Resources */,
				5E31F04B17205AD8008B15F0 /* DPSocialView.xib in Resources */,
				5E5F949F17213BF5006C9A88 /* Social in Resources */,
				5EC573941724862A000B7004 /* NextModel in Resources */,
				5EC5739E172597A5000B7004 /* DPNewNextView.xib in Resources */,
				5EC573A017265B44000B7004 /* TabBar in Resources */,
				5EC573AE1727AE49000B7004 /* MainMenu in Resources */,
				5EDC4119172E8265002A3788 /* HIK_ImageNames.plist in Resources */,
				5EDC411B172EA04A002A3788 /* HouseInfo in Resources */,
				5E869E0D173010EA00516D2D /* FreeImages in Resources */,
			);
			runOnlyForDeploymentPostprocessing = 0;
		};
/* End PBXResourcesBuildPhase section */

/* Begin PBXSourcesBuildPhase section */
		5E71A3B016F9973500E7AFF9 /* Sources */ = {
			isa = PBXSourcesBuildPhase;
			buildActionMask = 2147483647;
			files = (
				5E71A3C416F9973500E7AFF9 /* main.m in Sources */,
				5E71A3C816F9973500E7AFF9 /* DPAppDelegate.m in Sources */,
				5E71A3D716F998D500E7AFF9 /* UINavContentViewController.m in Sources */,
				5E71A3E916F9991000E7AFF9 /* CustomMenuBarItem.m in Sources */,
				5E71A3EA16F9991000E7AFF9 /* ImageResizing.m in Sources */,
				5E71A3EB16F9991000E7AFF9 /* AFItemView.m in Sources */,
				5E71A3EC16F9991000E7AFF9 /* AFOpenFlowView.m in Sources */,
				5E71A3ED16F9991000E7AFF9 /* AFUIImageReflection.m in Sources */,
				5E71A3EE16F9991000E7AFF9 /* UIImageExtras.m in Sources */,
				5E71A3F416F99ADB00E7AFF9 /* DPMainViewController.m in Sources */,
				5E71A3FC16F99DC400E7AFF9 /* DPRootViewController.m in Sources */,
				5E9ABBDE16F9F3CA000EAB46 /* DPTestViewController.m in Sources */,
				5EC2557D16FC64400045AB99 /* DPImageInfo.m in Sources */,
				5EC2558416FC71BD0045AB99 /* IAPHelper.m in Sources */,
				5EC2558716FC73430045AB99 /* DPIAPHelper.m in Sources */,
				5EC2559116FC79E10045AB99 /* DPPaidRootViewController.m in Sources */,
				5EC2559416FC7A070045AB99 /* DPPaidMainViewController.m in Sources */,
				5EC2559B16FCC7310045AB99 /* DPScrollableViewController.m in Sources */,
				5EC2559E16FCD18C0045AB99 /* DPCtgScrollViewController.m in Sources */,
				5EC255A116FF1DD70045AB99 /* DPImageContentViewController.m in Sources */,
				5EC255B716FF291A0045AB99 /* ASIAuthenticationDialog.m in Sources */,
				5EC255B816FF291A0045AB99 /* ASIDataCompressor.m in Sources */,
				5EC255B916FF291A0045AB99 /* ASIDataDecompressor.m in Sources */,
				5EC255BA16FF291A0045AB99 /* ASIDownloadCache.m in Sources */,
				5EC255BB16FF291A0045AB99 /* ASIFormDataRequest.m in Sources */,
				5EC255BC16FF291A0045AB99 /* ASIHTTPRequest.m in Sources */,
				5EC255BD16FF291A0045AB99 /* ASIInputStream.m in Sources */,
				5EC255BE16FF291A0045AB99 /* ASINetworkQueue.m in Sources */,
				5EC255C316FF49F20045AB99 /* Reachability.m in Sources */,
				5EC255DF16FFB1BF0045AB99 /* DPHtmlContentViewController.m in Sources */,
				5EC255E5170090A10045AB99 /* Article.m in Sources */,
				5EC255E6170090A10045AB99 /* ArticleParser.m in Sources */,
				5EC255EC1700AECF0045AB99 /* DPDataLoader.m in Sources */,
				5EC255EF1700FEF70045AB99 /* DPCategoryViewController.m in Sources */,
				5E486C57170214D90040F165 /* DPConstants.m in Sources */,
				5E486C5B17025FBC0040F165 /* YTVimeoExtractor.m in Sources */,
				5E486C60170264D60040F165 /* DPVimeoPlayerViewController.m in Sources */,
				5E3D9B9C17044CB400208D7B /* FPPopoverController.m in Sources */,
				5E3D9B9D17044CB400208D7B /* FPPopoverView.m in Sources */,
				5E3D9B9E17044CB400208D7B /* FPTouchView.m in Sources */,
				5E3605021707154E00DB7B20 /* DPAppHelper.m in Sources */,
				5E3605121707A72400DB7B20 /* DPBuyViewController.m in Sources */,
				5E3605171707BDE600DB7B20 /* UIApplication+ScreenDimensions.m in Sources */,
				5E3605291708B5B600DB7B20 /* DPFloatingViewController.m in Sources */,
				5E36052E1708C83400DB7B20 /* DPAdsViewController.m in Sources */,
				5E3605311708C91C00DB7B20 /* DPArticlesLoader.m in Sources */,
				5EFCCCFA1709BE6C00C1FE88 /* DPDataCache.m in Sources */,
				5EFCCCFD1709C37100C1FE88 /* DPDataElement.m in Sources */,
				5EFCCD001709DECA00C1FE88 /* Banner.m in Sources */,
				5EFCCD031709ECCE00C1FE88 /* BannerParser.m in Sources */,
				5EFCCD061709EF6400C1FE88 /* DPBannersLoader.m in Sources */,
				5EFCCD091709F10700C1FE88 /* Category.m in Sources */,
				5EFCCD0C1709F2EE00C1FE88 /* CategoryParser.m in Sources */,
				5EFCCD0F1709F30700C1FE88 /* DPCategoryLoader.m in Sources */,
				5EF40842170DE9A100938AEE /* DPCardView.m in Sources */,
				5EF40845170DE9B200938AEE /* DPAnimatedCardsView.m in Sources */,
				5E0C7653170F32E300F572A0 /* DPMenuViewController.m in Sources */,
				5E4E851A17109D38005DAD06 /* DPCategoriesViewController.m in Sources */,
				5E4E851D1711E501005DAD06 /* DPSubCategoryViewController.m in Sources */,
				5E4E85221711F948005DAD06 /* DPAnimatedScrollViewController.m in Sources */,
				5EC48CDE1714BF7E00A9566E /* DPBuyContentViewController.m in Sources */,
				5E8AB0CC171706D1004AFE76 /* UIImage+Retina4.m in Sources */,
				5EC20D10171DAD0F006E03B7 /* DPCarouselViewController.m in Sources */,
				5ED20279171E9624006AC1FC /* iCarousel.m in Sources */,
				5ED2027D171E99F7006AC1FC /* AsyncImageView.m in Sources */,
				5ED20283171EA757006AC1FC /* FXImageView.m in Sources */,
				5ED20284171EA757006AC1FC /* UIImage+FX.m in Sources */,
				5E31F03217200F07008B15F0 /* DPFBLoginViewController.m in Sources */,
				5E31F03A172021C3008B15F0 /* DPFacebookViewController.m in Sources */,
				5E31F03F17203B40008B15F0 /* DPMailHelper.m in Sources */,
				5E31F04917205AC0008B15F0 /* DPSocialViewController.m in Sources */,
				5EC5739917255527000B7004 /* DPSocialManager.m in Sources */,
				5EC5739C1725978E000B7004 /* DPNewNextViewController.m in Sources */,
				5EC573B1172ADEAD000B7004 /* HouseOverview.m in Sources */,
				5EC573B4172ADEF5000B7004 /* HouseOverviewParser.m in Sources */,
				5EC573B7172ADF15000B7004 /* HouseOverviewLoader.m in Sources */,
				5EC573BA172AE278000B7004 /* DPBaseDataElement.m in Sources */,
			);
			runOnlyForDeploymentPostprocessing = 0;
		};
/* End PBXSourcesBuildPhase section */

/* Begin PBXVariantGroup section */
		5E71A3C016F9973500E7AFF9 /* InfoPlist.strings */ = {
			isa = PBXVariantGroup;
			children = (
				5E71A3C116F9973500E7AFF9 /* en */,
				5EC255D616FF95CA0045AB99 /* el */,
			);
			name = InfoPlist.strings;
			sourceTree = "<group>";
		};
		5EC255D416FF95040045AB99 /* Localizable.strings */ = {
			isa = PBXVariantGroup;
			children = (
				5EC255D316FF95040045AB99 /* en */,
				5EC255D516FF95CA0045AB99 /* el */,
			);
			name = Localizable.strings;
			sourceTree = "<group>";
		};
/* End PBXVariantGroup section */

/* Begin XCBuildConfiguration section */
		5E71A3CF16F9973500E7AFF9 /* Debug */ = {
			isa = XCBuildConfiguration;
			buildSettings = {
				ALWAYS_SEARCH_USER_PATHS = NO;
				CLANG_CXX_LANGUAGE_STANDARD = "gnu++0x";
				CLANG_CXX_LIBRARY = "libc++";
				CLANG_ENABLE_OBJC_ARC = YES;
				CLANG_WARN_CONSTANT_CONVERSION = YES;
				CLANG_WARN_EMPTY_BODY = YES;
				CLANG_WARN_ENUM_CONVERSION = YES;
				CLANG_WARN_INT_CONVERSION = YES;
				CLANG_WARN__DUPLICATE_METHOD_MATCH = YES;
				"CODE_SIGN_IDENTITY[sdk=iphoneos*]" = "iPhone Developer";
				COPY_PHASE_STRIP = NO;
				GCC_C_LANGUAGE_STANDARD = gnu99;
				GCC_DYNAMIC_NO_PIC = NO;
				GCC_OPTIMIZATION_LEVEL = 0;
				GCC_PREPROCESSOR_DEFINITIONS = (
					"DEBUG=1",
					"$(inherited)",
				);
				GCC_SYMBOLS_PRIVATE_EXTERN = NO;
				GCC_WARN_ABOUT_RETURN_TYPE = YES;
				GCC_WARN_UNINITIALIZED_AUTOS = YES;
				GCC_WARN_UNUSED_VARIABLE = YES;
				IPHONEOS_DEPLOYMENT_TARGET = 4.3;
				ONLY_ACTIVE_ARCH = YES;
				SDKROOT = iphoneos;
				TARGETED_DEVICE_FAMILY = "1,2";
			};
			name = Debug;
		};
		5E71A3D016F9973500E7AFF9 /* Release */ = {
			isa = XCBuildConfiguration;
			buildSettings = {
				ALWAYS_SEARCH_USER_PATHS = NO;
				CLANG_CXX_LANGUAGE_STANDARD = "gnu++0x";
				CLANG_CXX_LIBRARY = "libc++";
				CLANG_ENABLE_OBJC_ARC = YES;
				CLANG_WARN_CONSTANT_CONVERSION = YES;
				CLANG_WARN_EMPTY_BODY = YES;
				CLANG_WARN_ENUM_CONVERSION = YES;
				CLANG_WARN_INT_CONVERSION = YES;
				CLANG_WARN__DUPLICATE_METHOD_MATCH = YES;
				"CODE_SIGN_IDENTITY[sdk=iphoneos*]" = "iPhone Developer";
				COPY_PHASE_STRIP = YES;
				GCC_C_LANGUAGE_STANDARD = gnu99;
				GCC_WARN_ABOUT_RETURN_TYPE = YES;
				GCC_WARN_UNINITIALIZED_AUTOS = YES;
				GCC_WARN_UNUSED_VARIABLE = YES;
				IPHONEOS_DEPLOYMENT_TARGET = 4.3;
				OTHER_CFLAGS = "-DNS_BLOCK_ASSERTIONS=1";
				SDKROOT = iphoneos;
				TARGETED_DEVICE_FAMILY = "1,2";
				VALIDATE_PRODUCT = YES;
			};
			name = Release;
		};
		5E71A3D216F9973500E7AFF9 /* Debug */ = {
			isa = XCBuildConfiguration;
			buildSettings = {
				FRAMEWORK_SEARCH_PATHS = (
					"$(inherited)",
					"\"$(SRCROOT)/../../FacebookSDK\"",
				);
				GCC_PRECOMPILE_PREFIX_HEADER = YES;
				GCC_PREFIX_HEADER = "DP/energyVillas-Prefix.pch";
				INFOPLIST_FILE = "DP/energyVillas-Info.plist";
				IPHONEOS_DEPLOYMENT_TARGET = 5.0;
				OTHER_LDFLAGS = (
					"-lsqlite3.0",
					"-ObjC",
				);
				PRODUCT_NAME = energyVillas;
				WRAPPER_EXTENSION = app;
			};
			name = Debug;
		};
		5E71A3D316F9973500E7AFF9 /* Release */ = {
			isa = XCBuildConfiguration;
			buildSettings = {
				FRAMEWORK_SEARCH_PATHS = (
					"$(inherited)",
					"\"$(SRCROOT)/../../FacebookSDK\"",
				);
				GCC_PRECOMPILE_PREFIX_HEADER = YES;
				GCC_PREFIX_HEADER = "DP/energyVillas-Prefix.pch";
				INFOPLIST_FILE = "DP/energyVillas-Info.plist";
				IPHONEOS_DEPLOYMENT_TARGET = 5.0;
				OTHER_LDFLAGS = (
					"-lsqlite3.0",
					"-ObjC",
				);
				PRODUCT_NAME = energyVillas;
				WRAPPER_EXTENSION = app;
			};
			name = Release;
		};
/* End XCBuildConfiguration section */

/* Begin XCConfigurationList section */
		5E71A3AF16F9973500E7AFF9 /* Build configuration list for PBXProject "energyVillas" */ = {
			isa = XCConfigurationList;
			buildConfigurations = (
				5E71A3CF16F9973500E7AFF9 /* Debug */,
				5E71A3D016F9973500E7AFF9 /* Release */,
			);
			defaultConfigurationIsVisible = 0;
			defaultConfigurationName = Release;
		};
		5E71A3D116F9973500E7AFF9 /* Build configuration list for PBXNativeTarget "energyVillas" */ = {
			isa = XCConfigurationList;
			buildConfigurations = (
				5E71A3D216F9973500E7AFF9 /* Debug */,
				5E71A3D316F9973500E7AFF9 /* Release */,
			);
			defaultConfigurationIsVisible = 0;
			defaultConfigurationName = Release;
		};
/* End XCConfigurationList section */
	};
	rootObject = 5E71A3AC16F9973500E7AFF9 /* Project object */;
}
